// !$*UTF8*$!
{
	archiveVersion = 1;
	classes = {
	};
	objectVersion = 46;
	objects = {

/* Begin PBXBuildFile section */
		510BD2491521C520008B880D /* w2@2x.png in Resources */ = {isa = PBXBuildFile; fileRef = 510BD2401521C520008B880D /* w2@2x.png */; };
		510BD24A1521C520008B880D /* 保存@2x.png in Resources */ = {isa = PBXBuildFile; fileRef = 510BD2411521C520008B880D /* 保存@2x.png */; };
		510BD24B1521C520008B880D /* 输入框01@2x.png in Resources */ = {isa = PBXBuildFile; fileRef = 510BD2421521C520008B880D /* 输入框01@2x.png */; };
		510BD24C1521C520008B880D /* b@2x.png in Resources */ = {isa = PBXBuildFile; fileRef = 510BD2431521C520008B880D /* b@2x.png */; };
		510BD24D1521C520008B880D /* user@2x.jpg in Resources */ = {isa = PBXBuildFile; fileRef = 510BD2441521C520008B880D /* user@2x.jpg */; };
		510BD24E1521C520008B880D /* 修改资料@2x.png in Resources */ = {isa = PBXBuildFile; fileRef = 510BD2451521C520008B880D /* 修改资料@2x.png */; };
		510BD24F1521C520008B880D /* 同步设置1@2x.png in Resources */ = {isa = PBXBuildFile; fileRef = 510BD2461521C520008B880D /* 同步设置1@2x.png */; };
		510BD2501521C520008B880D /* 修改密码1@2x.png in Resources */ = {isa = PBXBuildFile; fileRef = 510BD2471521C520008B880D /* 修改密码1@2x.png */; };
		510BD2511521C520008B880D /* 好友管理1@2x.png in Resources */ = {isa = PBXBuildFile; fileRef = 510BD2481521C520008B880D /* 好友管理1@2x.png */; };
		51118F361521C7140002EF0E /* loding.jpg in Resources */ = {isa = PBXBuildFile; fileRef = 51118F351521C7140002EF0E /* loding.jpg */; };
		519E73C415246C0F003B34C0 /* ScoreCellView.m in Sources */ = {isa = PBXBuildFile; fileRef = 519E73C115246C0F003B34C0 /* ScoreCellView.m */; };
		519E73C515246C0F003B34C0 /* ScoreCell.m in Sources */ = {isa = PBXBuildFile; fileRef = 519E73C315246C0F003B34C0 /* ScoreCell.m */; };
		519E73C815246C3F003B34C0 /* ScoreInfo.m in Sources */ = {isa = PBXBuildFile; fileRef = 519E73C715246C3F003B34C0 /* ScoreInfo.m */; };
		519E73CD15246C5E003B34C0 /* MyPringles.m in Sources */ = {isa = PBXBuildFile; fileRef = 519E73CA15246C5E003B34C0 /* MyPringles.m */; };
		519E73CE15246C5E003B34C0 /* ModifyInfo.m in Sources */ = {isa = PBXBuildFile; fileRef = 519E73CC15246C5E003B34C0 /* ModifyInfo.m */; };
		519E73D915246CC3003B34C0 /* x2@2x.png in Resources */ = {isa = PBXBuildFile; fileRef = 519E73D115246CC3003B34C0 /* x2@2x.png */; };
		519E73DA15246CC3003B34C0 /* b@2x.png in Resources */ = {isa = PBXBuildFile; fileRef = 519E73D215246CC3003B34C0 /* b@2x.png */; };
		519E73DB15246CC3003B34C0 /* g@2x.png in Resources */ = {isa = PBXBuildFile; fileRef = 519E73D315246CC3003B34C0 /* g@2x.png */; };
		519E73DC15246CC3003B34C0 /* x1@2x.png in Resources */ = {isa = PBXBuildFile; fileRef = 519E73D415246CC3003B34C0 /* x1@2x.png */; };
		519E73DD15246CC3003B34C0 /* editaddressbg@2x.png in Resources */ = {isa = PBXBuildFile; fileRef = 519E73D515246CC3003B34C0 /* editaddressbg@2x.png */; };
		519E73DE15246CC3003B34C0 /* editwodeshangquan@2x.png in Resources */ = {isa = PBXBuildFile; fileRef = 519E73D615246CC3003B34C0 /* editwodeshangquan@2x.png */; };
		519E73DF15246CC3003B34C0 /* editmyinfobg@2x.png in Resources */ = {isa = PBXBuildFile; fileRef = 519E73D715246CC3003B34C0 /* editmyinfobg@2x.png */; };
		519E73E015246CC3003B34C0 /* editinfobg@2x.png in Resources */ = {isa = PBXBuildFile; fileRef = 519E73D815246CC3003B34C0 /* editinfobg@2x.png */; };
		519E73E815246DA9003B34C0 /* MainScore.m in Sources */ = {isa = PBXBuildFile; fileRef = 519E73E315246DA9003B34C0 /* MainScore.m */; };
		519E73E915246DA9003B34C0 /* ScoreExchange.m in Sources */ = {isa = PBXBuildFile; fileRef = 519E73E515246DA9003B34C0 /* ScoreExchange.m */; };
		519E73EA15246DA9003B34C0 /* SubmitScore.m in Sources */ = {isa = PBXBuildFile; fileRef = 519E73E715246DA9003B34C0 /* SubmitScore.m */; };
		51F192D1152312D300CEC491 /* kfc@2x.png in Resources */ = {isa = PBXBuildFile; fileRef = 51F192C8152312D300CEC491 /* kfc@2x.png */; };
		51F192D2152312D300CEC491 /* scoreexchangebg@2x.png in Resources */ = {isa = PBXBuildFile; fileRef = 51F192C9152312D300CEC491 /* scoreexchangebg@2x.png */; };
		51F192D3152312D300CEC491 /* scoreexchangetitle@2x.png in Resources */ = {isa = PBXBuildFile; fileRef = 51F192CA152312D300CEC491 /* scoreexchangetitle@2x.png */; };
		51F192D4152312D300CEC491 /* yybg@2x.png in Resources */ = {isa = PBXBuildFile; fileRef = 51F192CB152312D300CEC491 /* yybg@2x.png */; };
		51F192D5152312D300CEC491 /* submit@2x.png in Resources */ = {isa = PBXBuildFile; fileRef = 51F192CC152312D300CEC491 /* submit@2x.png */; };
		51F192D6152312D300CEC491 /* wydh@2x.png in Resources */ = {isa = PBXBuildFile; fileRef = 51F192CD152312D300CEC491 /* wydh@2x.png */; };
		51F192D7152312D300CEC491 /* jiantou@2x.png in Resources */ = {isa = PBXBuildFile; fileRef = 51F192CE152312D300CEC491 /* jiantou@2x.png */; };
		51F192D8152312D300CEC491 /* scoredemo@2x.png in Resources */ = {isa = PBXBuildFile; fileRef = 51F192CF152312D300CEC491 /* scoredemo@2x.png */; };
		51F192D9152312D300CEC491 /* scoretvbg@2x.png in Resources */ = {isa = PBXBuildFile; fileRef = 51F192D0152312D300CEC491 /* scoretvbg@2x.png */; };
		F60EDD19151E496B00A36F50 /* Global.m in Sources */ = {isa = PBXBuildFile; fileRef = F60EDD18151E496B00A36F50 /* Global.m */; };
		F64A4E08151F62F3008F4489 /* SearchBarView.m in Sources */ = {isa = PBXBuildFile; fileRef = F64A4E07151F62F3008F4489 /* SearchBarView.m */; };
		F64A4E11151F65F1008F4489 /* 1@2x.png in Resources */ = {isa = PBXBuildFile; fileRef = F64A4E0B151F65F1008F4489 /* 1@2x.png */; };
		F64A4E12151F65F1008F4489 /* 2@2x.png in Resources */ = {isa = PBXBuildFile; fileRef = F64A4E0C151F65F1008F4489 /* 2@2x.png */; };
		F64A4E13151F65F1008F4489 /* 3@2x.png in Resources */ = {isa = PBXBuildFile; fileRef = F64A4E0D151F65F1008F4489 /* 3@2x.png */; };
		F64A4E14151F65F1008F4489 /* 4@2x.png in Resources */ = {isa = PBXBuildFile; fileRef = F64A4E0E151F65F1008F4489 /* 4@2x.png */; };
		F64A4E15151F65F1008F4489 /* 5@2x.png in Resources */ = {isa = PBXBuildFile; fileRef = F64A4E0F151F65F1008F4489 /* 5@2x.png */; };
		F64A4E16151F65F1008F4489 /* 6@2x.png in Resources */ = {isa = PBXBuildFile; fileRef = F64A4E10151F65F1008F4489 /* 6@2x.png */; };
		F64A4E19151F6B72008F4489 /* BG1@2x.jpg in Resources */ = {isa = PBXBuildFile; fileRef = F64A4E17151F6B72008F4489 /* BG1@2x.jpg */; };
		F64A4E1A151F6B72008F4489 /* BG2@2x.jpg in Resources */ = {isa = PBXBuildFile; fileRef = F64A4E18151F6B72008F4489 /* BG2@2x.jpg */; };
		F64A4E1C151F6F33008F4489 /* 登陆_top_logo@2x.png in Resources */ = {isa = PBXBuildFile; fileRef = F64A4E1B151F6F33008F4489 /* 登陆_top_logo@2x.png */; };
		F64DED51151E387A00FA5CE7 /* UIKit.framework in Frameworks */ = {isa = PBXBuildFile; fileRef = F64DED50151E387A00FA5CE7 /* UIKit.framework */; };
		F64DED53151E387A00FA5CE7 /* Foundation.framework in Frameworks */ = {isa = PBXBuildFile; fileRef = F64DED52151E387A00FA5CE7 /* Foundation.framework */; };
		F64DED5B151E387A00FA5CE7 /* InfoPlist.strings in Resources */ = {isa = PBXBuildFile; fileRef = F64DED59151E387A00FA5CE7 /* InfoPlist.strings */; };
		F64DED5D151E387A00FA5CE7 /* main.m in Sources */ = {isa = PBXBuildFile; fileRef = F64DED5C151E387A00FA5CE7 /* main.m */; };
		F64DED61151E387A00FA5CE7 /* AppDelegate.m in Sources */ = {isa = PBXBuildFile; fileRef = F64DED60151E387A00FA5CE7 /* AppDelegate.m */; };
		F64DED99151E395D00FA5CE7 /* ASIAuthenticationDialog.m in Sources */ = {isa = PBXBuildFile; fileRef = F64DED69151E395D00FA5CE7 /* ASIAuthenticationDialog.m */; };
		F64DED9A151E395D00FA5CE7 /* ASIFormDataRequest.m in Sources */ = {isa = PBXBuildFile; fileRef = F64DED6B151E395D00FA5CE7 /* ASIFormDataRequest.m */; };
		F64DED9B151E395D00FA5CE7 /* ASIHTTPRequest.m in Sources */ = {isa = PBXBuildFile; fileRef = F64DED6D151E395D00FA5CE7 /* ASIHTTPRequest.m */; };
		F64DED9C151E395D00FA5CE7 /* ASIInputStream.m in Sources */ = {isa = PBXBuildFile; fileRef = F64DED70151E395D00FA5CE7 /* ASIInputStream.m */; };
		F64DED9D151E395D00FA5CE7 /* ASINetworkQueue.m in Sources */ = {isa = PBXBuildFile; fileRef = F64DED72151E395D00FA5CE7 /* ASINetworkQueue.m */; };
		F64DED9E151E395D00FA5CE7 /* ASINSStringAdditions.m in Sources */ = {isa = PBXBuildFile; fileRef = F64DED74151E395D00FA5CE7 /* ASINSStringAdditions.m */; };
		F64DED9F151E395D00FA5CE7 /* Reachability.m in Sources */ = {isa = PBXBuildFile; fileRef = F64DED76151E395D00FA5CE7 /* Reachability.m */; };
		F64DEDA0151E395D00FA5CE7 /* EGORefreshTableFootView.m in Sources */ = {isa = PBXBuildFile; fileRef = F64DED7A151E395D00FA5CE7 /* EGORefreshTableFootView.m */; };
		F64DEDA1151E395D00FA5CE7 /* EGORefreshTableHeaderView.m in Sources */ = {isa = PBXBuildFile; fileRef = F64DED7D151E395D00FA5CE7 /* EGORefreshTableHeaderView.m */; };
		F64DEDA2151E395D00FA5CE7 /* NSObject+SBJson.m in Sources */ = {isa = PBXBuildFile; fileRef = F64DED81151E395D00FA5CE7 /* NSObject+SBJson.m */; };
		F64DEDA3151E395D00FA5CE7 /* SBJsonParser.m in Sources */ = {isa = PBXBuildFile; fileRef = F64DED84151E395D00FA5CE7 /* SBJsonParser.m */; };
		F64DEDA4151E395D00FA5CE7 /* SBJsonStreamParser.m in Sources */ = {isa = PBXBuildFile; fileRef = F64DED86151E395D00FA5CE7 /* SBJsonStreamParser.m */; };
		F64DEDA5151E395D00FA5CE7 /* SBJsonStreamParserAccumulator.m in Sources */ = {isa = PBXBuildFile; fileRef = F64DED88151E395D00FA5CE7 /* SBJsonStreamParserAccumulator.m */; };
		F64DEDA6151E395D00FA5CE7 /* SBJsonStreamParserAdapter.m in Sources */ = {isa = PBXBuildFile; fileRef = F64DED8A151E395D00FA5CE7 /* SBJsonStreamParserAdapter.m */; };
		F64DEDA7151E395D00FA5CE7 /* SBJsonStreamParserState.m in Sources */ = {isa = PBXBuildFile; fileRef = F64DED8C151E395D00FA5CE7 /* SBJsonStreamParserState.m */; };
		F64DEDA8151E395D00FA5CE7 /* SBJsonStreamWriter.m in Sources */ = {isa = PBXBuildFile; fileRef = F64DED8E151E395D00FA5CE7 /* SBJsonStreamWriter.m */; };
		F64DEDA9151E395D00FA5CE7 /* SBJsonStreamWriterAccumulator.m in Sources */ = {isa = PBXBuildFile; fileRef = F64DED90151E395D00FA5CE7 /* SBJsonStreamWriterAccumulator.m */; };
		F64DEDAA151E395D00FA5CE7 /* SBJsonStreamWriterState.m in Sources */ = {isa = PBXBuildFile; fileRef = F64DED92151E395D00FA5CE7 /* SBJsonStreamWriterState.m */; };
		F64DEDAB151E395D00FA5CE7 /* SBJsonTokeniser.m in Sources */ = {isa = PBXBuildFile; fileRef = F64DED94151E395D00FA5CE7 /* SBJsonTokeniser.m */; };
		F64DEDAC151E395D00FA5CE7 /* SBJsonUTF8Stream.m in Sources */ = {isa = PBXBuildFile; fileRef = F64DED96151E395D00FA5CE7 /* SBJsonUTF8Stream.m */; };
		F64DEDAD151E395D00FA5CE7 /* SBJsonWriter.m in Sources */ = {isa = PBXBuildFile; fileRef = F64DED98151E395D00FA5CE7 /* SBJsonWriter.m */; };
		F64DEDB8151E39F400FA5CE7 /* libz.1.1.3.dylib in Frameworks */ = {isa = PBXBuildFile; fileRef = F64DEDB7151E39F400FA5CE7 /* libz.1.1.3.dylib */; };
		F64DEDBA151E3A0300FA5CE7 /* QuartzCore.framework in Frameworks */ = {isa = PBXBuildFile; fileRef = F64DEDB9151E3A0300FA5CE7 /* QuartzCore.framework */; };
		F64DEDBC151E3A1700FA5CE7 /* CFNetwork.framework in Frameworks */ = {isa = PBXBuildFile; fileRef = F64DEDBB151E3A1700FA5CE7 /* CFNetwork.framework */; };
		F64DEDBE151E3A2500FA5CE7 /* SystemConfiguration.framework in Frameworks */ = {isa = PBXBuildFile; fileRef = F64DEDBD151E3A2500FA5CE7 /* SystemConfiguration.framework */; };
		F64DEDC0151E3A5700FA5CE7 /* CoreLocation.framework in Frameworks */ = {isa = PBXBuildFile; fileRef = F64DEDBF151E3A5700FA5CE7 /* CoreLocation.framework */; };
		F64DEDC2151E3A6300FA5CE7 /* MapKit.framework in Frameworks */ = {isa = PBXBuildFile; fileRef = F64DEDC1151E3A6300FA5CE7 /* MapKit.framework */; };
		F64DEDC4151E3A7400FA5CE7 /* libsqlite3.0.dylib in Frameworks */ = {isa = PBXBuildFile; fileRef = F64DEDC3151E3A7400FA5CE7 /* libsqlite3.0.dylib */; };
		F64DEDC6151E3A7D00FA5CE7 /* MessageUI.framework in Frameworks */ = {isa = PBXBuildFile; fileRef = F64DEDC5151E3A7D00FA5CE7 /* MessageUI.framework */; };
		F64DEE06151E3B8A00FA5CE7 /* Config.m in Sources */ = {isa = PBXBuildFile; fileRef = F64DEDFF151E3B8A00FA5CE7 /* Config.m */; };
		F64DEE07151E3B8A00FA5CE7 /* DeviceDetection.m in Sources */ = {isa = PBXBuildFile; fileRef = F64DEE01151E3B8A00FA5CE7 /* DeviceDetection.m */; };
		F64DEE09151E3B8A00FA5CE7 /* UIUtils.m in Sources */ = {isa = PBXBuildFile; fileRef = F64DEE05151E3B8A00FA5CE7 /* UIUtils.m */; };
		F64DEE0E151E3BC900FA5CE7 /* IconDownloader.m in Sources */ = {isa = PBXBuildFile; fileRef = F64DEE0B151E3BC900FA5CE7 /* IconDownloader.m */; };
		F64DEE0F151E3BC900FA5CE7 /* UploadData.m in Sources */ = {isa = PBXBuildFile; fileRef = F64DEE0D151E3BC900FA5CE7 /* UploadData.m */; };
		F64DEE12151E3C1400FA5CE7 /* Paging.m in Sources */ = {isa = PBXBuildFile; fileRef = F64DEE11151E3C1400FA5CE7 /* Paging.m */; };
		F64DEE17151E3C4700FA5CE7 /* BaseEntity.m in Sources */ = {isa = PBXBuildFile; fileRef = F64DEE14151E3C4700FA5CE7 /* BaseEntity.m */; };
		F64DEE18151E3C4700FA5CE7 /* LoginResult.m in Sources */ = {isa = PBXBuildFile; fileRef = F64DEE16151E3C4700FA5CE7 /* LoginResult.m */; };
		F64DEE20151E3CDF00FA5CE7 /* FMDatabase.m in Sources */ = {isa = PBXBuildFile; fileRef = F64DEE1B151E3CDF00FA5CE7 /* FMDatabase.m */; };
		F64DEE21151E3CDF00FA5CE7 /* FMDatabaseAdditions.m in Sources */ = {isa = PBXBuildFile; fileRef = F64DEE1D151E3CDF00FA5CE7 /* FMDatabaseAdditions.m */; };
		F64DEE22151E3CDF00FA5CE7 /* FMResultSet.m in Sources */ = {isa = PBXBuildFile; fileRef = F64DEE1F151E3CDF00FA5CE7 /* FMResultSet.m */; };
		F64DEE25151E3D4000FA5CE7 /* JsonResult.m in Sources */ = {isa = PBXBuildFile; fileRef = F64DEE24151E3D4000FA5CE7 /* JsonResult.m */; };
		F64DEE2E151E3E4A00FA5CE7 /* UIDeviceHelp.m in Sources */ = {isa = PBXBuildFile; fileRef = F64DEE2D151E3E4A00FA5CE7 /* UIDeviceHelp.m */; };
		F64DEE31151E3F7500FA5CE7 /* MainPageController.m in Sources */ = {isa = PBXBuildFile; fileRef = F64DEE30151E3F7500FA5CE7 /* MainPageController.m */; };
		F677946F15234BE0007A02FB /* SX_Test.m in Sources */ = {isa = PBXBuildFile; fileRef = F677946E15234BE0007A02FB /* SX_Test.m */; };
		F6BC812A151E46050053E72E /* CoreGraphics.framework in Frameworks */ = {isa = PBXBuildFile; fileRef = F64DED54151E387A00FA5CE7 /* CoreGraphics.framework */; };
		F6BC8154151E469D0053E72E /* AlertImageView.m in Sources */ = {isa = PBXBuildFile; fileRef = F6BC8131151E469D0053E72E /* AlertImageView.m */; };
		F6BC8155151E469D0053E72E /* BaseController.m in Sources */ = {isa = PBXBuildFile; fileRef = F6BC8133151E469D0053E72E /* BaseController.m */; };
		F6BC8156151E469D0053E72E /* BaseLayer.m in Sources */ = {isa = PBXBuildFile; fileRef = F6BC8135151E469D0053E72E /* BaseLayer.m */; };
		F6BC8157151E469D0053E72E /* BaseTabController.m in Sources */ = {isa = PBXBuildFile; fileRef = F6BC8137151E469D0053E72E /* BaseTabController.m */; };
		F6BC8158151E469D0053E72E /* BaseTabSubController.m in Sources */ = {isa = PBXBuildFile; fileRef = F6BC8139151E469D0053E72E /* BaseTabSubController.m */; };
		F6BC8159151E469D0053E72E /* BaseView.m in Sources */ = {isa = PBXBuildFile; fileRef = F6BC813B151E469D0053E72E /* BaseView.m */; };
		F6BC815A151E469D0053E72E /* ButtonView.m in Sources */ = {isa = PBXBuildFile; fileRef = F6BC813D151E469D0053E72E /* ButtonView.m */; };
		F6BC815B151E469D0053E72E /* CustomImageView.m in Sources */ = {isa = PBXBuildFile; fileRef = F6BC813F151E469D0053E72E /* CustomImageView.m */; };
		F6BC815C151E469D0053E72E /* CustomTabBar.m in Sources */ = {isa = PBXBuildFile; fileRef = F6BC8141151E469D0053E72E /* CustomTabBar.m */; };
		F6BC815D151E469D0053E72E /* ImageView.m in Sources */ = {isa = PBXBuildFile; fileRef = F6BC8143151E469D0053E72E /* ImageView.m */; };
		F6BC815E151E469D0053E72E /* LableView.m in Sources */ = {isa = PBXBuildFile; fileRef = F6BC8145151E469D0053E72E /* LableView.m */; };
		F6BC815F151E469D0053E72E /* LayerView.m in Sources */ = {isa = PBXBuildFile; fileRef = F6BC8147151E469D0053E72E /* LayerView.m */; };
		F6BC8163151E469D0053E72E /* ScrollView.m in Sources */ = {isa = PBXBuildFile; fileRef = F6BC814F151E469D0053E72E /* ScrollView.m */; };
		F6BC8165151E469D0053E72E /* TableView.m in Sources */ = {isa = PBXBuildFile; fileRef = F6BC8153151E469D0053E72E /* TableView.m */; };
		F6BC8168151E46D50053E72E /* UserInfo.m in Sources */ = {isa = PBXBuildFile; fileRef = F6BC8167151E46D50053E72E /* UserInfo.m */; };
		F6BC816B151E47040053E72E /* Webuser.m in Sources */ = {isa = PBXBuildFile; fileRef = F6BC816A151E47040053E72E /* Webuser.m */; };
		F6BC8170151E473C0053E72E /* BaseCell.m in Sources */ = {isa = PBXBuildFile; fileRef = F6BC816D151E473C0053E72E /* BaseCell.m */; };
		F6BC8171151E473C0053E72E /* BaseCellView.m in Sources */ = {isa = PBXBuildFile; fileRef = F6BC816F151E473C0053E72E /* BaseCellView.m */; };
		F6D6B5871520CFBE004A1A3C /* CityListController.m in Sources */ = {isa = PBXBuildFile; fileRef = F6D6B5861520CFBE004A1A3C /* CityListController.m */; };
		F6E4B27615233ACD008D8FBE /* TicketInfo.m in Sources */ = {isa = PBXBuildFile; fileRef = F6E4B27515233ACD008D8FBE /* TicketInfo.m */; };
		F6E4B27C15233AEC008D8FBE /* TicketCell.m in Sources */ = {isa = PBXBuildFile; fileRef = F6E4B27915233AEC008D8FBE /* TicketCell.m */; };
		F6E4B27D15233AEC008D8FBE /* TicketCellView.m in Sources */ = {isa = PBXBuildFile; fileRef = F6E4B27B15233AEC008D8FBE /* TicketCellView.m */; };
		F6EA06E11522025F0082EF6E /* SX_Dynamic.m in Sources */ = {isa = PBXBuildFile; fileRef = F6EA06D81522025F0082EF6E /* SX_Dynamic.m */; };
		F6EA06E21522025F0082EF6E /* SX_News.m in Sources */ = {isa = PBXBuildFile; fileRef = F6EA06DB1522025F0082EF6E /* SX_News.m */; };
		F6EA06E31522025F0082EF6E /* SX_Ticket.m in Sources */ = {isa = PBXBuildFile; fileRef = F6EA06DF1522025F0082EF6E /* SX_Ticket.m */; };
		F6EA06E6152204670082EF6E /* DynamicCell.m in Sources */ = {isa = PBXBuildFile; fileRef = F6EA06E5152204670082EF6E /* DynamicCell.m */; };
		F6EA06E9152204F60082EF6E /* DynamicCellView.m in Sources */ = {isa = PBXBuildFile; fileRef = F6EA06E8152204F60082EF6E /* DynamicCellView.m */; };
		F6EA06EC152206C10082EF6E /* DynamicInfo.m in Sources */ = {isa = PBXBuildFile; fileRef = F6EA06EB152206C10082EF6E /* DynamicInfo.m */; };
/* End PBXBuildFile section */

/* Begin PBXFileReference section */
		510BD2401521C520008B880D /* w2@2x.png */ = {isa = PBXFileReference; lastKnownFileType = image.png; path = "w2@2x.png"; sourceTree = "<group>"; };
		510BD2411521C520008B880D /* 保存@2x.png */ = {isa = PBXFileReference; lastKnownFileType = image.png; path = "保存@2x.png"; sourceTree = "<group>"; };
		510BD2421521C520008B880D /* 输入框01@2x.png */ = {isa = PBXFileReference; lastKnownFileType = image.png; path = "输入框01@2x.png"; sourceTree = "<group>"; };
		510BD2431521C520008B880D /* b@2x.png */ = {isa = PBXFileReference; lastKnownFileType = image.png; path = "b@2x.png"; sourceTree = "<group>"; };
		510BD2441521C520008B880D /* user@2x.jpg */ = {isa = PBXFileReference; lastKnownFileType = image.jpeg; path = "user@2x.jpg"; sourceTree = "<group>"; };
		510BD2451521C520008B880D /* 修改资料@2x.png */ = {isa = PBXFileReference; lastKnownFileType = image.png; path = "修改资料@2x.png"; sourceTree = "<group>"; };
		510BD2461521C520008B880D /* 同步设置1@2x.png */ = {isa = PBXFileReference; lastKnownFileType = image.png; path = "同步设置1@2x.png"; sourceTree = "<group>"; };
		510BD2471521C520008B880D /* 修改密码1@2x.png */ = {isa = PBXFileReference; lastKnownFileType = image.png; path = "修改密码1@2x.png"; sourceTree = "<group>"; };
		510BD2481521C520008B880D /* 好友管理1@2x.png */ = {isa = PBXFileReference; lastKnownFileType = image.png; path = "好友管理1@2x.png"; sourceTree = "<group>"; };
		51118F351521C7140002EF0E /* loding.jpg */ = {isa = PBXFileReference; lastKnownFileType = image.jpeg; path = loding.jpg; sourceTree = "<group>"; };
		519E73C015246C0F003B34C0 /* ScoreCellView.h */ = {isa = PBXFileReference; fileEncoding = 4; lastKnownFileType = sourcecode.c.h; path = ScoreCellView.h; sourceTree = "<group>"; };
		519E73C115246C0F003B34C0 /* ScoreCellView.m */ = {isa = PBXFileReference; fileEncoding = 4; lastKnownFileType = sourcecode.c.objc; path = ScoreCellView.m; sourceTree = "<group>"; };
		519E73C215246C0F003B34C0 /* ScoreCell.h */ = {isa = PBXFileReference; fileEncoding = 4; lastKnownFileType = sourcecode.c.h; path = ScoreCell.h; sourceTree = "<group>"; };
		519E73C315246C0F003B34C0 /* ScoreCell.m */ = {isa = PBXFileReference; fileEncoding = 4; lastKnownFileType = sourcecode.c.objc; path = ScoreCell.m; sourceTree = "<group>"; };
		519E73C615246C3F003B34C0 /* ScoreInfo.h */ = {isa = PBXFileReference; fileEncoding = 4; lastKnownFileType = sourcecode.c.h; path = ScoreInfo.h; sourceTree = "<group>"; };
		519E73C715246C3F003B34C0 /* ScoreInfo.m */ = {isa = PBXFileReference; fileEncoding = 4; lastKnownFileType = sourcecode.c.objc; path = ScoreInfo.m; sourceTree = "<group>"; };
		519E73C915246C5D003B34C0 /* MyPringles.h */ = {isa = PBXFileReference; fileEncoding = 4; lastKnownFileType = sourcecode.c.h; path = MyPringles.h; sourceTree = "<group>"; };
		519E73CA15246C5E003B34C0 /* MyPringles.m */ = {isa = PBXFileReference; fileEncoding = 4; lastKnownFileType = sourcecode.c.objc; path = MyPringles.m; sourceTree = "<group>"; };
		519E73CB15246C5E003B34C0 /* ModifyInfo.h */ = {isa = PBXFileReference; fileEncoding = 4; lastKnownFileType = sourcecode.c.h; path = ModifyInfo.h; sourceTree = "<group>"; };
		519E73CC15246C5E003B34C0 /* ModifyInfo.m */ = {isa = PBXFileReference; fileEncoding = 4; lastKnownFileType = sourcecode.c.objc; path = ModifyInfo.m; sourceTree = "<group>"; };
		519E73D115246CC3003B34C0 /* x2@2x.png */ = {isa = PBXFileReference; lastKnownFileType = image.png; path = "x2@2x.png"; sourceTree = "<group>"; };
		519E73D215246CC3003B34C0 /* b@2x.png */ = {isa = PBXFileReference; lastKnownFileType = image.png; path = "b@2x.png"; sourceTree = "<group>"; };
		519E73D315246CC3003B34C0 /* g@2x.png */ = {isa = PBXFileReference; lastKnownFileType = image.png; path = "g@2x.png"; sourceTree = "<group>"; };
		519E73D415246CC3003B34C0 /* x1@2x.png */ = {isa = PBXFileReference; lastKnownFileType = image.png; path = "x1@2x.png"; sourceTree = "<group>"; };
		519E73D515246CC3003B34C0 /* editaddressbg@2x.png */ = {isa = PBXFileReference; lastKnownFileType = image.png; path = "editaddressbg@2x.png"; sourceTree = "<group>"; };
		519E73D615246CC3003B34C0 /* editwodeshangquan@2x.png */ = {isa = PBXFileReference; lastKnownFileType = image.png; path = "editwodeshangquan@2x.png"; sourceTree = "<group>"; };
		519E73D715246CC3003B34C0 /* editmyinfobg@2x.png */ = {isa = PBXFileReference; lastKnownFileType = image.png; path = "editmyinfobg@2x.png"; sourceTree = "<group>"; };
		519E73D815246CC3003B34C0 /* editinfobg@2x.png */ = {isa = PBXFileReference; lastKnownFileType = image.png; path = "editinfobg@2x.png"; sourceTree = "<group>"; };
		519E73E215246DA9003B34C0 /* MainScore.h */ = {isa = PBXFileReference; fileEncoding = 4; lastKnownFileType = sourcecode.c.h; path = MainScore.h; sourceTree = "<group>"; };
		519E73E315246DA9003B34C0 /* MainScore.m */ = {isa = PBXFileReference; fileEncoding = 4; lastKnownFileType = sourcecode.c.objc; path = MainScore.m; sourceTree = "<group>"; };
		519E73E415246DA9003B34C0 /* ScoreExchange.h */ = {isa = PBXFileReference; fileEncoding = 4; lastKnownFileType = sourcecode.c.h; path = ScoreExchange.h; sourceTree = "<group>"; };
		519E73E515246DA9003B34C0 /* ScoreExchange.m */ = {isa = PBXFileReference; fileEncoding = 4; lastKnownFileType = sourcecode.c.objc; path = ScoreExchange.m; sourceTree = "<group>"; };
		519E73E615246DA9003B34C0 /* SubmitScore.h */ = {isa = PBXFileReference; fileEncoding = 4; lastKnownFileType = sourcecode.c.h; path = SubmitScore.h; sourceTree = "<group>"; };
		519E73E715246DA9003B34C0 /* SubmitScore.m */ = {isa = PBXFileReference; fileEncoding = 4; lastKnownFileType = sourcecode.c.objc; path = SubmitScore.m; sourceTree = "<group>"; };
		51F192C8152312D300CEC491 /* kfc@2x.png */ = {isa = PBXFileReference; lastKnownFileType = image.png; path = "kfc@2x.png"; sourceTree = "<group>"; };
		51F192C9152312D300CEC491 /* scoreexchangebg@2x.png */ = {isa = PBXFileReference; lastKnownFileType = image.png; path = "scoreexchangebg@2x.png"; sourceTree = "<group>"; };
		51F192CA152312D300CEC491 /* scoreexchangetitle@2x.png */ = {isa = PBXFileReference; lastKnownFileType = image.png; path = "scoreexchangetitle@2x.png"; sourceTree = "<group>"; };
		51F192CB152312D300CEC491 /* yybg@2x.png */ = {isa = PBXFileReference; lastKnownFileType = image.png; path = "yybg@2x.png"; sourceTree = "<group>"; };
		51F192CC152312D300CEC491 /* submit@2x.png */ = {isa = PBXFileReference; lastKnownFileType = image.png; path = "submit@2x.png"; sourceTree = "<group>"; };
		51F192CD152312D300CEC491 /* wydh@2x.png */ = {isa = PBXFileReference; lastKnownFileType = image.png; path = "wydh@2x.png"; sourceTree = "<group>"; };
		51F192CE152312D300CEC491 /* jiantou@2x.png */ = {isa = PBXFileReference; lastKnownFileType = image.png; path = "jiantou@2x.png"; sourceTree = "<group>"; };
		51F192CF152312D300CEC491 /* scoredemo@2x.png */ = {isa = PBXFileReference; lastKnownFileType = image.png; path = "scoredemo@2x.png"; sourceTree = "<group>"; };
		51F192D0152312D300CEC491 /* scoretvbg@2x.png */ = {isa = PBXFileReference; lastKnownFileType = image.png; path = "scoretvbg@2x.png"; sourceTree = "<group>"; };
		F60EDD17151E496B00A36F50 /* Global.h */ = {isa = PBXFileReference; fileEncoding = 4; lastKnownFileType = sourcecode.c.h; path = Global.h; sourceTree = "<group>"; };
		F60EDD18151E496B00A36F50 /* Global.m */ = {isa = PBXFileReference; fileEncoding = 4; lastKnownFileType = sourcecode.c.objc; path = Global.m; sourceTree = "<group>"; };
		F64A4E06151F62F3008F4489 /* SearchBarView.h */ = {isa = PBXFileReference; fileEncoding = 4; lastKnownFileType = sourcecode.c.h; path = SearchBarView.h; sourceTree = "<group>"; };
		F64A4E07151F62F3008F4489 /* SearchBarView.m */ = {isa = PBXFileReference; fileEncoding = 4; lastKnownFileType = sourcecode.c.objc; path = SearchBarView.m; sourceTree = "<group>"; };
		F64A4E0B151F65F1008F4489 /* 1@2x.png */ = {isa = PBXFileReference; lastKnownFileType = image.png; path = "1@2x.png"; sourceTree = "<group>"; };
		F64A4E0C151F65F1008F4489 /* 2@2x.png */ = {isa = PBXFileReference; lastKnownFileType = image.png; path = "2@2x.png"; sourceTree = "<group>"; };
		F64A4E0D151F65F1008F4489 /* 3@2x.png */ = {isa = PBXFileReference; lastKnownFileType = image.png; path = "3@2x.png"; sourceTree = "<group>"; };
		F64A4E0E151F65F1008F4489 /* 4@2x.png */ = {isa = PBXFileReference; lastKnownFileType = image.png; path = "4@2x.png"; sourceTree = "<group>"; };
		F64A4E0F151F65F1008F4489 /* 5@2x.png */ = {isa = PBXFileReference; lastKnownFileType = image.png; path = "5@2x.png"; sourceTree = "<group>"; };
		F64A4E10151F65F1008F4489 /* 6@2x.png */ = {isa = PBXFileReference; lastKnownFileType = image.png; path = "6@2x.png"; sourceTree = "<group>"; };
		F64A4E17151F6B72008F4489 /* BG1@2x.jpg */ = {isa = PBXFileReference; lastKnownFileType = image.jpeg; path = "BG1@2x.jpg"; sourceTree = "<group>"; };
		F64A4E18151F6B72008F4489 /* BG2@2x.jpg */ = {isa = PBXFileReference; lastKnownFileType = image.jpeg; path = "BG2@2x.jpg"; sourceTree = "<group>"; };
		F64A4E1B151F6F33008F4489 /* 登陆_top_logo@2x.png */ = {isa = PBXFileReference; lastKnownFileType = image.png; path = "登陆_top_logo@2x.png"; sourceTree = "<group>"; };
		F64DED4C151E387A00FA5CE7 /* Pringles.app */ = {isa = PBXFileReference; explicitFileType = wrapper.application; includeInIndex = 0; path = Pringles.app; sourceTree = BUILT_PRODUCTS_DIR; };
		F64DED50151E387A00FA5CE7 /* UIKit.framework */ = {isa = PBXFileReference; lastKnownFileType = wrapper.framework; name = UIKit.framework; path = System/Library/Frameworks/UIKit.framework; sourceTree = SDKROOT; };
		F64DED52151E387A00FA5CE7 /* Foundation.framework */ = {isa = PBXFileReference; lastKnownFileType = wrapper.framework; name = Foundation.framework; path = System/Library/Frameworks/Foundation.framework; sourceTree = SDKROOT; };
		F64DED54151E387A00FA5CE7 /* CoreGraphics.framework */ = {isa = PBXFileReference; lastKnownFileType = wrapper.framework; name = CoreGraphics.framework; path = System/Library/Frameworks/CoreGraphics.framework; sourceTree = SDKROOT; };
		F64DED58151E387A00FA5CE7 /* Pringles-Info.plist */ = {isa = PBXFileReference; lastKnownFileType = text.plist.xml; path = "Pringles-Info.plist"; sourceTree = "<group>"; };
		F64DED5A151E387A00FA5CE7 /* en */ = {isa = PBXFileReference; lastKnownFileType = text.plist.strings; name = en; path = en.lproj/InfoPlist.strings; sourceTree = "<group>"; };
		F64DED5C151E387A00FA5CE7 /* main.m */ = {isa = PBXFileReference; lastKnownFileType = sourcecode.c.objc; path = main.m; sourceTree = "<group>"; };
		F64DED5E151E387A00FA5CE7 /* Pringles-Prefix.pch */ = {isa = PBXFileReference; lastKnownFileType = sourcecode.c.h; path = "Pringles-Prefix.pch"; sourceTree = "<group>"; };
		F64DED5F151E387A00FA5CE7 /* AppDelegate.h */ = {isa = PBXFileReference; lastKnownFileType = sourcecode.c.h; path = AppDelegate.h; sourceTree = "<group>"; };
		F64DED60151E387A00FA5CE7 /* AppDelegate.m */ = {isa = PBXFileReference; lastKnownFileType = sourcecode.c.objc; path = AppDelegate.m; sourceTree = "<group>"; };
		F64DED68151E395D00FA5CE7 /* ASIAuthenticationDialog.h */ = {isa = PBXFileReference; fileEncoding = 4; lastKnownFileType = sourcecode.c.h; path = ASIAuthenticationDialog.h; sourceTree = "<group>"; };
		F64DED69151E395D00FA5CE7 /* ASIAuthenticationDialog.m */ = {isa = PBXFileReference; fileEncoding = 4; lastKnownFileType = sourcecode.c.objc; path = ASIAuthenticationDialog.m; sourceTree = "<group>"; };
		F64DED6A151E395D00FA5CE7 /* ASIFormDataRequest.h */ = {isa = PBXFileReference; fileEncoding = 4; lastKnownFileType = sourcecode.c.h; path = ASIFormDataRequest.h; sourceTree = "<group>"; };
		F64DED6B151E395D00FA5CE7 /* ASIFormDataRequest.m */ = {isa = PBXFileReference; fileEncoding = 4; lastKnownFileType = sourcecode.c.objc; path = ASIFormDataRequest.m; sourceTree = "<group>"; };
		F64DED6C151E395D00FA5CE7 /* ASIHTTPRequest.h */ = {isa = PBXFileReference; fileEncoding = 4; lastKnownFileType = sourcecode.c.h; path = ASIHTTPRequest.h; sourceTree = "<group>"; };
		F64DED6D151E395D00FA5CE7 /* ASIHTTPRequest.m */ = {isa = PBXFileReference; fileEncoding = 4; lastKnownFileType = sourcecode.c.objc; path = ASIHTTPRequest.m; sourceTree = "<group>"; };
		F64DED6E151E395D00FA5CE7 /* ASIHTTPRequestConfig.h */ = {isa = PBXFileReference; fileEncoding = 4; lastKnownFileType = sourcecode.c.h; path = ASIHTTPRequestConfig.h; sourceTree = "<group>"; };
		F64DED6F151E395D00FA5CE7 /* ASIInputStream.h */ = {isa = PBXFileReference; fileEncoding = 4; lastKnownFileType = sourcecode.c.h; path = ASIInputStream.h; sourceTree = "<group>"; };
		F64DED70151E395D00FA5CE7 /* ASIInputStream.m */ = {isa = PBXFileReference; fileEncoding = 4; lastKnownFileType = sourcecode.c.objc; path = ASIInputStream.m; sourceTree = "<group>"; };
		F64DED71151E395D00FA5CE7 /* ASINetworkQueue.h */ = {isa = PBXFileReference; fileEncoding = 4; lastKnownFileType = sourcecode.c.h; path = ASINetworkQueue.h; sourceTree = "<group>"; };
		F64DED72151E395D00FA5CE7 /* ASINetworkQueue.m */ = {isa = PBXFileReference; fileEncoding = 4; lastKnownFileType = sourcecode.c.objc; path = ASINetworkQueue.m; sourceTree = "<group>"; };
		F64DED73151E395D00FA5CE7 /* ASINSStringAdditions.h */ = {isa = PBXFileReference; fileEncoding = 4; lastKnownFileType = sourcecode.c.h; path = ASINSStringAdditions.h; sourceTree = "<group>"; };
		F64DED74151E395D00FA5CE7 /* ASINSStringAdditions.m */ = {isa = PBXFileReference; fileEncoding = 4; lastKnownFileType = sourcecode.c.objc; path = ASINSStringAdditions.m; sourceTree = "<group>"; };
		F64DED75151E395D00FA5CE7 /* Reachability.h */ = {isa = PBXFileReference; fileEncoding = 4; lastKnownFileType = sourcecode.c.h; path = Reachability.h; sourceTree = "<group>"; };
		F64DED76151E395D00FA5CE7 /* Reachability.m */ = {isa = PBXFileReference; fileEncoding = 4; lastKnownFileType = sourcecode.c.objc; path = Reachability.m; sourceTree = "<group>"; };
		F64DED79151E395D00FA5CE7 /* EGORefreshTableFootView.h */ = {isa = PBXFileReference; fileEncoding = 4; lastKnownFileType = sourcecode.c.h; path = EGORefreshTableFootView.h; sourceTree = "<group>"; };
		F64DED7A151E395D00FA5CE7 /* EGORefreshTableFootView.m */ = {isa = PBXFileReference; fileEncoding = 4; lastKnownFileType = sourcecode.c.objc; path = EGORefreshTableFootView.m; sourceTree = "<group>"; };
		F64DED7C151E395D00FA5CE7 /* EGORefreshTableHeaderView.h */ = {isa = PBXFileReference; fileEncoding = 4; lastKnownFileType = sourcecode.c.h; path = EGORefreshTableHeaderView.h; sourceTree = "<group>"; };
		F64DED7D151E395D00FA5CE7 /* EGORefreshTableHeaderView.m */ = {isa = PBXFileReference; fileEncoding = 4; lastKnownFileType = sourcecode.c.objc; path = EGORefreshTableHeaderView.m; sourceTree = "<group>"; };
		F64DED7F151E395D00FA5CE7 /* JSON.h */ = {isa = PBXFileReference; fileEncoding = 4; lastKnownFileType = sourcecode.c.h; path = JSON.h; sourceTree = "<group>"; };
		F64DED80151E395D00FA5CE7 /* NSObject+SBJson.h */ = {isa = PBXFileReference; fileEncoding = 4; lastKnownFileType = sourcecode.c.h; path = "NSObject+SBJson.h"; sourceTree = "<group>"; };
		F64DED81151E395D00FA5CE7 /* NSObject+SBJson.m */ = {isa = PBXFileReference; fileEncoding = 4; lastKnownFileType = sourcecode.c.objc; path = "NSObject+SBJson.m"; sourceTree = "<group>"; };
		F64DED82151E395D00FA5CE7 /* SBJson.h */ = {isa = PBXFileReference; fileEncoding = 4; lastKnownFileType = sourcecode.c.h; path = SBJson.h; sourceTree = "<group>"; };
		F64DED83151E395D00FA5CE7 /* SBJsonParser.h */ = {isa = PBXFileReference; fileEncoding = 4; lastKnownFileType = sourcecode.c.h; path = SBJsonParser.h; sourceTree = "<group>"; };
		F64DED84151E395D00FA5CE7 /* SBJsonParser.m */ = {isa = PBXFileReference; fileEncoding = 4; lastKnownFileType = sourcecode.c.objc; path = SBJsonParser.m; sourceTree = "<group>"; };
		F64DED85151E395D00FA5CE7 /* SBJsonStreamParser.h */ = {isa = PBXFileReference; fileEncoding = 4; lastKnownFileType = sourcecode.c.h; path = SBJsonStreamParser.h; sourceTree = "<group>"; };
		F64DED86151E395D00FA5CE7 /* SBJsonStreamParser.m */ = {isa = PBXFileReference; fileEncoding = 4; lastKnownFileType = sourcecode.c.objc; path = SBJsonStreamParser.m; sourceTree = "<group>"; };
		F64DED87151E395D00FA5CE7 /* SBJsonStreamParserAccumulator.h */ = {isa = PBXFileReference; fileEncoding = 4; lastKnownFileType = sourcecode.c.h; path = SBJsonStreamParserAccumulator.h; sourceTree = "<group>"; };
		F64DED88151E395D00FA5CE7 /* SBJsonStreamParserAccumulator.m */ = {isa = PBXFileReference; fileEncoding = 4; lastKnownFileType = sourcecode.c.objc; path = SBJsonStreamParserAccumulator.m; sourceTree = "<group>"; };
		F64DED89151E395D00FA5CE7 /* SBJsonStreamParserAdapter.h */ = {isa = PBXFileReference; fileEncoding = 4; lastKnownFileType = sourcecode.c.h; path = SBJsonStreamParserAdapter.h; sourceTree = "<group>"; };
		F64DED8A151E395D00FA5CE7 /* SBJsonStreamParserAdapter.m */ = {isa = PBXFileReference; fileEncoding = 4; lastKnownFileType = sourcecode.c.objc; path = SBJsonStreamParserAdapter.m; sourceTree = "<group>"; };
		F64DED8B151E395D00FA5CE7 /* SBJsonStreamParserState.h */ = {isa = PBXFileReference; fileEncoding = 4; lastKnownFileType = sourcecode.c.h; path = SBJsonStreamParserState.h; sourceTree = "<group>"; };
		F64DED8C151E395D00FA5CE7 /* SBJsonStreamParserState.m */ = {isa = PBXFileReference; fileEncoding = 4; lastKnownFileType = sourcecode.c.objc; path = SBJsonStreamParserState.m; sourceTree = "<group>"; };
		F64DED8D151E395D00FA5CE7 /* SBJsonStreamWriter.h */ = {isa = PBXFileReference; fileEncoding = 4; lastKnownFileType = sourcecode.c.h; path = SBJsonStreamWriter.h; sourceTree = "<group>"; };
		F64DED8E151E395D00FA5CE7 /* SBJsonStreamWriter.m */ = {isa = PBXFileReference; fileEncoding = 4; lastKnownFileType = sourcecode.c.objc; path = SBJsonStreamWriter.m; sourceTree = "<group>"; };
		F64DED8F151E395D00FA5CE7 /* SBJsonStreamWriterAccumulator.h */ = {isa = PBXFileReference; fileEncoding = 4; lastKnownFileType = sourcecode.c.h; path = SBJsonStreamWriterAccumulator.h; sourceTree = "<group>"; };
		F64DED90151E395D00FA5CE7 /* SBJsonStreamWriterAccumulator.m */ = {isa = PBXFileReference; fileEncoding = 4; lastKnownFileType = sourcecode.c.objc; path = SBJsonStreamWriterAccumulator.m; sourceTree = "<group>"; };
		F64DED91151E395D00FA5CE7 /* SBJsonStreamWriterState.h */ = {isa = PBXFileReference; fileEncoding = 4; lastKnownFileType = sourcecode.c.h; path = SBJsonStreamWriterState.h; sourceTree = "<group>"; };
		F64DED92151E395D00FA5CE7 /* SBJsonStreamWriterState.m */ = {isa = PBXFileReference; fileEncoding = 4; lastKnownFileType = sourcecode.c.objc; path = SBJsonStreamWriterState.m; sourceTree = "<group>"; };
		F64DED93151E395D00FA5CE7 /* SBJsonTokeniser.h */ = {isa = PBXFileReference; fileEncoding = 4; lastKnownFileType = sourcecode.c.h; path = SBJsonTokeniser.h; sourceTree = "<group>"; };
		F64DED94151E395D00FA5CE7 /* SBJsonTokeniser.m */ = {isa = PBXFileReference; fileEncoding = 4; lastKnownFileType = sourcecode.c.objc; path = SBJsonTokeniser.m; sourceTree = "<group>"; };
		F64DED95151E395D00FA5CE7 /* SBJsonUTF8Stream.h */ = {isa = PBXFileReference; fileEncoding = 4; lastKnownFileType = sourcecode.c.h; path = SBJsonUTF8Stream.h; sourceTree = "<group>"; };
		F64DED96151E395D00FA5CE7 /* SBJsonUTF8Stream.m */ = {isa = PBXFileReference; fileEncoding = 4; lastKnownFileType = sourcecode.c.objc; path = SBJsonUTF8Stream.m; sourceTree = "<group>"; };
		F64DED97151E395D00FA5CE7 /* SBJsonWriter.h */ = {isa = PBXFileReference; fileEncoding = 4; lastKnownFileType = sourcecode.c.h; path = SBJsonWriter.h; sourceTree = "<group>"; };
		F64DED98151E395D00FA5CE7 /* SBJsonWriter.m */ = {isa = PBXFileReference; fileEncoding = 4; lastKnownFileType = sourcecode.c.objc; path = SBJsonWriter.m; sourceTree = "<group>"; };
		F64DEDB7151E39F400FA5CE7 /* libz.1.1.3.dylib */ = {isa = PBXFileReference; lastKnownFileType = "compiled.mach-o.dylib"; name = libz.1.1.3.dylib; path = usr/lib/libz.1.1.3.dylib; sourceTree = SDKROOT; };
		F64DEDB9151E3A0300FA5CE7 /* QuartzCore.framework */ = {isa = PBXFileReference; lastKnownFileType = wrapper.framework; name = QuartzCore.framework; path = System/Library/Frameworks/QuartzCore.framework; sourceTree = SDKROOT; };
		F64DEDBB151E3A1700FA5CE7 /* CFNetwork.framework */ = {isa = PBXFileReference; lastKnownFileType = wrapper.framework; name = CFNetwork.framework; path = System/Library/Frameworks/CFNetwork.framework; sourceTree = SDKROOT; };
		F64DEDBD151E3A2500FA5CE7 /* SystemConfiguration.framework */ = {isa = PBXFileReference; lastKnownFileType = wrapper.framework; name = SystemConfiguration.framework; path = System/Library/Frameworks/SystemConfiguration.framework; sourceTree = SDKROOT; };
		F64DEDBF151E3A5700FA5CE7 /* CoreLocation.framework */ = {isa = PBXFileReference; lastKnownFileType = wrapper.framework; name = CoreLocation.framework; path = System/Library/Frameworks/CoreLocation.framework; sourceTree = SDKROOT; };
		F64DEDC1151E3A6300FA5CE7 /* MapKit.framework */ = {isa = PBXFileReference; lastKnownFileType = wrapper.framework; name = MapKit.framework; path = System/Library/Frameworks/MapKit.framework; sourceTree = SDKROOT; };
		F64DEDC3151E3A7400FA5CE7 /* libsqlite3.0.dylib */ = {isa = PBXFileReference; lastKnownFileType = "compiled.mach-o.dylib"; name = libsqlite3.0.dylib; path = usr/lib/libsqlite3.0.dylib; sourceTree = SDKROOT; };
		F64DEDC5151E3A7D00FA5CE7 /* MessageUI.framework */ = {isa = PBXFileReference; lastKnownFileType = wrapper.framework; name = MessageUI.framework; path = System/Library/Frameworks/MessageUI.framework; sourceTree = SDKROOT; };
		F64DEDFE151E3B8A00FA5CE7 /* Config.h */ = {isa = PBXFileReference; fileEncoding = 4; lastKnownFileType = sourcecode.c.h; path = Config.h; sourceTree = "<group>"; };
		F64DEDFF151E3B8A00FA5CE7 /* Config.m */ = {isa = PBXFileReference; fileEncoding = 4; lastKnownFileType = sourcecode.c.objc; path = Config.m; sourceTree = "<group>"; };
		F64DEE00151E3B8A00FA5CE7 /* DeviceDetection.h */ = {isa = PBXFileReference; fileEncoding = 4; lastKnownFileType = sourcecode.c.h; path = DeviceDetection.h; sourceTree = "<group>"; };
		F64DEE01151E3B8A00FA5CE7 /* DeviceDetection.m */ = {isa = PBXFileReference; fileEncoding = 4; lastKnownFileType = sourcecode.c.objc; path = DeviceDetection.m; sourceTree = "<group>"; };
		F64DEE04151E3B8A00FA5CE7 /* UIUtils.h */ = {isa = PBXFileReference; fileEncoding = 4; lastKnownFileType = sourcecode.c.h; path = UIUtils.h; sourceTree = "<group>"; };
		F64DEE05151E3B8A00FA5CE7 /* UIUtils.m */ = {isa = PBXFileReference; fileEncoding = 4; lastKnownFileType = sourcecode.c.objc; path = UIUtils.m; sourceTree = "<group>"; };
		F64DEE0A151E3BC900FA5CE7 /* IconDownloader.h */ = {isa = PBXFileReference; fileEncoding = 4; lastKnownFileType = sourcecode.c.h; path = IconDownloader.h; sourceTree = "<group>"; };
		F64DEE0B151E3BC900FA5CE7 /* IconDownloader.m */ = {isa = PBXFileReference; fileEncoding = 4; lastKnownFileType = sourcecode.c.objc; path = IconDownloader.m; sourceTree = "<group>"; };
		F64DEE0C151E3BC900FA5CE7 /* UploadData.h */ = {isa = PBXFileReference; fileEncoding = 4; lastKnownFileType = sourcecode.c.h; path = UploadData.h; sourceTree = "<group>"; };
		F64DEE0D151E3BC900FA5CE7 /* UploadData.m */ = {isa = PBXFileReference; fileEncoding = 4; lastKnownFileType = sourcecode.c.objc; path = UploadData.m; sourceTree = "<group>"; };
		F64DEE10151E3C1400FA5CE7 /* Paging.h */ = {isa = PBXFileReference; fileEncoding = 4; lastKnownFileType = sourcecode.c.h; path = Paging.h; sourceTree = "<group>"; };
		F64DEE11151E3C1400FA5CE7 /* Paging.m */ = {isa = PBXFileReference; fileEncoding = 4; lastKnownFileType = sourcecode.c.objc; path = Paging.m; sourceTree = "<group>"; };
		F64DEE13151E3C4700FA5CE7 /* BaseEntity.h */ = {isa = PBXFileReference; fileEncoding = 4; lastKnownFileType = sourcecode.c.h; path = BaseEntity.h; sourceTree = "<group>"; };
		F64DEE14151E3C4700FA5CE7 /* BaseEntity.m */ = {isa = PBXFileReference; fileEncoding = 4; lastKnownFileType = sourcecode.c.objc; path = BaseEntity.m; sourceTree = "<group>"; };
		F64DEE15151E3C4700FA5CE7 /* LoginResult.h */ = {isa = PBXFileReference; fileEncoding = 4; lastKnownFileType = sourcecode.c.h; path = LoginResult.h; sourceTree = "<group>"; };
		F64DEE16151E3C4700FA5CE7 /* LoginResult.m */ = {isa = PBXFileReference; fileEncoding = 4; lastKnownFileType = sourcecode.c.objc; path = LoginResult.m; sourceTree = "<group>"; };
		F64DEE1A151E3CDF00FA5CE7 /* FMDatabase.h */ = {isa = PBXFileReference; fileEncoding = 4; lastKnownFileType = sourcecode.c.h; path = FMDatabase.h; sourceTree = "<group>"; };
		F64DEE1B151E3CDF00FA5CE7 /* FMDatabase.m */ = {isa = PBXFileReference; fileEncoding = 4; lastKnownFileType = sourcecode.c.objc; path = FMDatabase.m; sourceTree = "<group>"; };
		F64DEE1C151E3CDF00FA5CE7 /* FMDatabaseAdditions.h */ = {isa = PBXFileReference; fileEncoding = 4; lastKnownFileType = sourcecode.c.h; path = FMDatabaseAdditions.h; sourceTree = "<group>"; };
		F64DEE1D151E3CDF00FA5CE7 /* FMDatabaseAdditions.m */ = {isa = PBXFileReference; fileEncoding = 4; lastKnownFileType = sourcecode.c.objc; path = FMDatabaseAdditions.m; sourceTree = "<group>"; };
		F64DEE1E151E3CDF00FA5CE7 /* FMResultSet.h */ = {isa = PBXFileReference; fileEncoding = 4; lastKnownFileType = sourcecode.c.h; path = FMResultSet.h; sourceTree = "<group>"; };
		F64DEE1F151E3CDF00FA5CE7 /* FMResultSet.m */ = {isa = PBXFileReference; fileEncoding = 4; lastKnownFileType = sourcecode.c.objc; path = FMResultSet.m; sourceTree = "<group>"; };
		F64DEE23151E3D4000FA5CE7 /* JsonResult.h */ = {isa = PBXFileReference; fileEncoding = 4; lastKnownFileType = sourcecode.c.h; path = JsonResult.h; sourceTree = "<group>"; };
		F64DEE24151E3D4000FA5CE7 /* JsonResult.m */ = {isa = PBXFileReference; fileEncoding = 4; lastKnownFileType = sourcecode.c.objc; path = JsonResult.m; sourceTree = "<group>"; };
		F64DEE2C151E3E4A00FA5CE7 /* UIDeviceHelp.h */ = {isa = PBXFileReference; fileEncoding = 4; lastKnownFileType = sourcecode.c.h; path = UIDeviceHelp.h; sourceTree = "<group>"; };
		F64DEE2D151E3E4A00FA5CE7 /* UIDeviceHelp.m */ = {isa = PBXFileReference; fileEncoding = 4; lastKnownFileType = sourcecode.c.objc; path = UIDeviceHelp.m; sourceTree = "<group>"; };
		F64DEE2F151E3F7500FA5CE7 /* MainPageController.h */ = {isa = PBXFileReference; fileEncoding = 4; lastKnownFileType = sourcecode.c.h; path = MainPageController.h; sourceTree = "<group>"; };
		F64DEE30151E3F7500FA5CE7 /* MainPageController.m */ = {isa = PBXFileReference; fileEncoding = 4; lastKnownFileType = sourcecode.c.objc; path = MainPageController.m; sourceTree = "<group>"; };
		F677946D15234BE0007A02FB /* SX_Test.h */ = {isa = PBXFileReference; fileEncoding = 4; lastKnownFileType = sourcecode.c.h; path = SX_Test.h; sourceTree = "<group>"; };
		F677946E15234BE0007A02FB /* SX_Test.m */ = {isa = PBXFileReference; fileEncoding = 4; lastKnownFileType = sourcecode.c.objc; path = SX_Test.m; sourceTree = "<group>"; };
		F6BC8130151E469D0053E72E /* AlertImageView.h */ = {isa = PBXFileReference; fileEncoding = 4; lastKnownFileType = sourcecode.c.h; path = AlertImageView.h; sourceTree = "<group>"; };
		F6BC8131151E469D0053E72E /* AlertImageView.m */ = {isa = PBXFileReference; fileEncoding = 4; lastKnownFileType = sourcecode.c.objc; path = AlertImageView.m; sourceTree = "<group>"; };
		F6BC8132151E469D0053E72E /* BaseController.h */ = {isa = PBXFileReference; fileEncoding = 4; lastKnownFileType = sourcecode.c.h; path = BaseController.h; sourceTree = "<group>"; };
		F6BC8133151E469D0053E72E /* BaseController.m */ = {isa = PBXFileReference; fileEncoding = 4; lastKnownFileType = sourcecode.c.objc; path = BaseController.m; sourceTree = "<group>"; };
		F6BC8134151E469D0053E72E /* BaseLayer.h */ = {isa = PBXFileReference; fileEncoding = 4; lastKnownFileType = sourcecode.c.h; path = BaseLayer.h; sourceTree = "<group>"; };
		F6BC8135151E469D0053E72E /* BaseLayer.m */ = {isa = PBXFileReference; fileEncoding = 4; lastKnownFileType = sourcecode.c.objc; path = BaseLayer.m; sourceTree = "<group>"; };
		F6BC8136151E469D0053E72E /* BaseTabController.h */ = {isa = PBXFileReference; fileEncoding = 4; lastKnownFileType = sourcecode.c.h; path = BaseTabController.h; sourceTree = "<group>"; };
		F6BC8137151E469D0053E72E /* BaseTabController.m */ = {isa = PBXFileReference; fileEncoding = 4; lastKnownFileType = sourcecode.c.objc; path = BaseTabController.m; sourceTree = "<group>"; };
		F6BC8138151E469D0053E72E /* BaseTabSubController.h */ = {isa = PBXFileReference; fileEncoding = 4; lastKnownFileType = sourcecode.c.h; path = BaseTabSubController.h; sourceTree = "<group>"; };
		F6BC8139151E469D0053E72E /* BaseTabSubController.m */ = {isa = PBXFileReference; fileEncoding = 4; lastKnownFileType = sourcecode.c.objc; path = BaseTabSubController.m; sourceTree = "<group>"; };
		F6BC813A151E469D0053E72E /* BaseView.h */ = {isa = PBXFileReference; fileEncoding = 4; lastKnownFileType = sourcecode.c.h; path = BaseView.h; sourceTree = "<group>"; };
		F6BC813B151E469D0053E72E /* BaseView.m */ = {isa = PBXFileReference; fileEncoding = 4; lastKnownFileType = sourcecode.c.objc; path = BaseView.m; sourceTree = "<group>"; };
		F6BC813C151E469D0053E72E /* ButtonView.h */ = {isa = PBXFileReference; fileEncoding = 4; lastKnownFileType = sourcecode.c.h; path = ButtonView.h; sourceTree = "<group>"; };
		F6BC813D151E469D0053E72E /* ButtonView.m */ = {isa = PBXFileReference; fileEncoding = 4; lastKnownFileType = sourcecode.c.objc; path = ButtonView.m; sourceTree = "<group>"; };
		F6BC813E151E469D0053E72E /* CustomImageView.h */ = {isa = PBXFileReference; fileEncoding = 4; lastKnownFileType = sourcecode.c.h; path = CustomImageView.h; sourceTree = "<group>"; };
		F6BC813F151E469D0053E72E /* CustomImageView.m */ = {isa = PBXFileReference; fileEncoding = 4; lastKnownFileType = sourcecode.c.objc; path = CustomImageView.m; sourceTree = "<group>"; };
		F6BC8140151E469D0053E72E /* CustomTabBar.h */ = {isa = PBXFileReference; fileEncoding = 4; lastKnownFileType = sourcecode.c.h; path = CustomTabBar.h; sourceTree = "<group>"; };
		F6BC8141151E469D0053E72E /* CustomTabBar.m */ = {isa = PBXFileReference; fileEncoding = 4; lastKnownFileType = sourcecode.c.objc; path = CustomTabBar.m; sourceTree = "<group>"; };
		F6BC8142151E469D0053E72E /* ImageView.h */ = {isa = PBXFileReference; fileEncoding = 4; lastKnownFileType = sourcecode.c.h; path = ImageView.h; sourceTree = "<group>"; };
		F6BC8143151E469D0053E72E /* ImageView.m */ = {isa = PBXFileReference; fileEncoding = 4; lastKnownFileType = sourcecode.c.objc; path = ImageView.m; sourceTree = "<group>"; };
		F6BC8144151E469D0053E72E /* LableView.h */ = {isa = PBXFileReference; fileEncoding = 4; lastKnownFileType = sourcecode.c.h; path = LableView.h; sourceTree = "<group>"; };
		F6BC8145151E469D0053E72E /* LableView.m */ = {isa = PBXFileReference; fileEncoding = 4; lastKnownFileType = sourcecode.c.objc; path = LableView.m; sourceTree = "<group>"; };
		F6BC8146151E469D0053E72E /* LayerView.h */ = {isa = PBXFileReference; fileEncoding = 4; lastKnownFileType = sourcecode.c.h; path = LayerView.h; sourceTree = "<group>"; };
		F6BC8147151E469D0053E72E /* LayerView.m */ = {isa = PBXFileReference; fileEncoding = 4; lastKnownFileType = sourcecode.c.objc; path = LayerView.m; sourceTree = "<group>"; };
		F6BC814E151E469D0053E72E /* ScrollView.h */ = {isa = PBXFileReference; fileEncoding = 4; lastKnownFileType = sourcecode.c.h; path = ScrollView.h; sourceTree = "<group>"; };
		F6BC814F151E469D0053E72E /* ScrollView.m */ = {isa = PBXFileReference; fileEncoding = 4; lastKnownFileType = sourcecode.c.objc; path = ScrollView.m; sourceTree = "<group>"; };
		F6BC8152151E469D0053E72E /* TableView.h */ = {isa = PBXFileReference; fileEncoding = 4; lastKnownFileType = sourcecode.c.h; path = TableView.h; sourceTree = "<group>"; };
		F6BC8153151E469D0053E72E /* TableView.m */ = {isa = PBXFileReference; fileEncoding = 4; lastKnownFileType = sourcecode.c.objc; path = TableView.m; sourceTree = "<group>"; };
		F6BC8166151E46D50053E72E /* UserInfo.h */ = {isa = PBXFileReference; fileEncoding = 4; lastKnownFileType = sourcecode.c.h; path = UserInfo.h; sourceTree = "<group>"; };
		F6BC8167151E46D50053E72E /* UserInfo.m */ = {isa = PBXFileReference; fileEncoding = 4; lastKnownFileType = sourcecode.c.objc; path = UserInfo.m; sourceTree = "<group>"; };
		F6BC8169151E47040053E72E /* Webuser.h */ = {isa = PBXFileReference; fileEncoding = 4; lastKnownFileType = sourcecode.c.h; path = Webuser.h; sourceTree = "<group>"; };
		F6BC816A151E47040053E72E /* Webuser.m */ = {isa = PBXFileReference; fileEncoding = 4; lastKnownFileType = sourcecode.c.objc; path = Webuser.m; sourceTree = "<group>"; };
		F6BC816C151E473C0053E72E /* BaseCell.h */ = {isa = PBXFileReference; fileEncoding = 4; lastKnownFileType = sourcecode.c.h; path = BaseCell.h; sourceTree = "<group>"; };
		F6BC816D151E473C0053E72E /* BaseCell.m */ = {isa = PBXFileReference; fileEncoding = 4; lastKnownFileType = sourcecode.c.objc; path = BaseCell.m; sourceTree = "<group>"; };
		F6BC816E151E473C0053E72E /* BaseCellView.h */ = {isa = PBXFileReference; fileEncoding = 4; lastKnownFileType = sourcecode.c.h; path = BaseCellView.h; sourceTree = "<group>"; };
		F6BC816F151E473C0053E72E /* BaseCellView.m */ = {isa = PBXFileReference; fileEncoding = 4; lastKnownFileType = sourcecode.c.objc; path = BaseCellView.m; sourceTree = "<group>"; };
		F6D6B5851520CFBE004A1A3C /* CityListController.h */ = {isa = PBXFileReference; fileEncoding = 4; lastKnownFileType = sourcecode.c.h; path = CityListController.h; sourceTree = "<group>"; };
		F6D6B5861520CFBE004A1A3C /* CityListController.m */ = {isa = PBXFileReference; fileEncoding = 4; lastKnownFileType = sourcecode.c.objc; path = CityListController.m; sourceTree = "<group>"; };
		F6E4B27415233ACD008D8FBE /* TicketInfo.h */ = {isa = PBXFileReference; fileEncoding = 4; lastKnownFileType = sourcecode.c.h; path = TicketInfo.h; sourceTree = "<group>"; };
		F6E4B27515233ACD008D8FBE /* TicketInfo.m */ = {isa = PBXFileReference; fileEncoding = 4; lastKnownFileType = sourcecode.c.objc; path = TicketInfo.m; sourceTree = "<group>"; };
		F6E4B27815233AEC008D8FBE /* TicketCell.h */ = {isa = PBXFileReference; fileEncoding = 4; lastKnownFileType = sourcecode.c.h; path = TicketCell.h; sourceTree = "<group>"; };
		F6E4B27915233AEC008D8FBE /* TicketCell.m */ = {isa = PBXFileReference; fileEncoding = 4; lastKnownFileType = sourcecode.c.objc; path = TicketCell.m; sourceTree = "<group>"; };
		F6E4B27A15233AEC008D8FBE /* TicketCellView.h */ = {isa = PBXFileReference; fileEncoding = 4; lastKnownFileType = sourcecode.c.h; path = TicketCellView.h; sourceTree = "<group>"; };
		F6E4B27B15233AEC008D8FBE /* TicketCellView.m */ = {isa = PBXFileReference; fileEncoding = 4; lastKnownFileType = sourcecode.c.objc; path = TicketCellView.m; sourceTree = "<group>"; };
		F6EA06D71522025F0082EF6E /* SX_Dynamic.h */ = {isa = PBXFileReference; fileEncoding = 4; lastKnownFileType = sourcecode.c.h; path = SX_Dynamic.h; sourceTree = "<group>"; };
		F6EA06D81522025F0082EF6E /* SX_Dynamic.m */ = {isa = PBXFileReference; fileEncoding = 4; lastKnownFileType = sourcecode.c.objc; path = SX_Dynamic.m; sourceTree = "<group>"; };
		F6EA06DA1522025F0082EF6E /* SX_News.h */ = {isa = PBXFileReference; fileEncoding = 4; lastKnownFileType = sourcecode.c.h; path = SX_News.h; sourceTree = "<group>"; };
		F6EA06DB1522025F0082EF6E /* SX_News.m */ = {isa = PBXFileReference; fileEncoding = 4; lastKnownFileType = sourcecode.c.objc; path = SX_News.m; sourceTree = "<group>"; };
		F6EA06DE1522025F0082EF6E /* SX_Ticket.h */ = {isa = PBXFileReference; fileEncoding = 4; lastKnownFileType = sourcecode.c.h; path = SX_Ticket.h; sourceTree = "<group>"; };
		F6EA06DF1522025F0082EF6E /* SX_Ticket.m */ = {isa = PBXFileReference; fileEncoding = 4; lastKnownFileType = sourcecode.c.objc; path = SX_Ticket.m; sourceTree = "<group>"; };
		F6EA06E4152204670082EF6E /* DynamicCell.h */ = {isa = PBXFileReference; fileEncoding = 4; lastKnownFileType = sourcecode.c.h; path = DynamicCell.h; sourceTree = "<group>"; };
		F6EA06E5152204670082EF6E /* DynamicCell.m */ = {isa = PBXFileReference; fileEncoding = 4; lastKnownFileType = sourcecode.c.objc; path = DynamicCell.m; sourceTree = "<group>"; };
		F6EA06E7152204F60082EF6E /* DynamicCellView.h */ = {isa = PBXFileReference; fileEncoding = 4; lastKnownFileType = sourcecode.c.h; path = DynamicCellView.h; sourceTree = "<group>"; };
		F6EA06E8152204F60082EF6E /* DynamicCellView.m */ = {isa = PBXFileReference; fileEncoding = 4; lastKnownFileType = sourcecode.c.objc; path = DynamicCellView.m; sourceTree = "<group>"; };
		F6EA06EA152206C10082EF6E /* DynamicInfo.h */ = {isa = PBXFileReference; fileEncoding = 4; lastKnownFileType = sourcecode.c.h; path = DynamicInfo.h; sourceTree = "<group>"; };
		F6EA06EB152206C10082EF6E /* DynamicInfo.m */ = {isa = PBXFileReference; fileEncoding = 4; lastKnownFileType = sourcecode.c.objc; path = DynamicInfo.m; sourceTree = "<group>"; };
/* End PBXFileReference section */

/* Begin PBXFrameworksBuildPhase section */
		F64DED49151E387A00FA5CE7 /* Frameworks */ = {
			isa = PBXFrameworksBuildPhase;
			buildActionMask = 2147483647;
			files = (
				F6BC812A151E46050053E72E /* CoreGraphics.framework in Frameworks */,
				F64DEDC6151E3A7D00FA5CE7 /* MessageUI.framework in Frameworks */,
				F64DEDC4151E3A7400FA5CE7 /* libsqlite3.0.dylib in Frameworks */,
				F64DEDC2151E3A6300FA5CE7 /* MapKit.framework in Frameworks */,
				F64DEDC0151E3A5700FA5CE7 /* CoreLocation.framework in Frameworks */,
				F64DEDBE151E3A2500FA5CE7 /* SystemConfiguration.framework in Frameworks */,
				F64DEDBC151E3A1700FA5CE7 /* CFNetwork.framework in Frameworks */,
				F64DEDBA151E3A0300FA5CE7 /* QuartzCore.framework in Frameworks */,
				F64DEDB8151E39F400FA5CE7 /* libz.1.1.3.dylib in Frameworks */,
				F64DED51151E387A00FA5CE7 /* UIKit.framework in Frameworks */,
				F64DED53151E387A00FA5CE7 /* Foundation.framework in Frameworks */,
			);
			runOnlyForDeploymentPostprocessing = 0;
		};
/* End PBXFrameworksBuildPhase section */

/* Begin PBXGroup section */
		510BD23F1521C4E9008B880D /* 0327 */ = {
			isa = PBXGroup;
			children = (
				51118F351521C7140002EF0E /* loding.jpg */,
				510BD2401521C520008B880D /* w2@2x.png */,
				510BD2411521C520008B880D /* 保存@2x.png */,
				510BD2421521C520008B880D /* 输入框01@2x.png */,
				510BD2431521C520008B880D /* b@2x.png */,
				510BD2441521C520008B880D /* user@2x.jpg */,
				510BD2451521C520008B880D /* 修改资料@2x.png */,
				510BD2461521C520008B880D /* 同步设置1@2x.png */,
				510BD2471521C520008B880D /* 修改密码1@2x.png */,
				510BD2481521C520008B880D /* 好友管理1@2x.png */,
			);
			path = 0327;
			sourceTree = "<group>";
		};
		519E73D015246CBB003B34C0 /* 0329 */ = {
			isa = PBXGroup;
			children = (
				519E73D115246CC3003B34C0 /* x2@2x.png */,
				519E73D215246CC3003B34C0 /* b@2x.png */,
				519E73D315246CC3003B34C0 /* g@2x.png */,
				519E73D415246CC3003B34C0 /* x1@2x.png */,
				519E73D515246CC3003B34C0 /* editaddressbg@2x.png */,
				519E73D615246CC3003B34C0 /* editwodeshangquan@2x.png */,
				519E73D715246CC3003B34C0 /* editmyinfobg@2x.png */,
				519E73D815246CC3003B34C0 /* editinfobg@2x.png */,
			);
			path = 0329;
			sourceTree = "<group>";
		};
		519E73E115246D9D003B34C0 /* Score */ = {
			isa = PBXGroup;
			children = (
				519E73E215246DA9003B34C0 /* MainScore.h */,
				519E73E315246DA9003B34C0 /* MainScore.m */,
				519E73E415246DA9003B34C0 /* ScoreExchange.h */,
				519E73E515246DA9003B34C0 /* ScoreExchange.m */,
				519E73E615246DA9003B34C0 /* SubmitScore.h */,
				519E73E715246DA9003B34C0 /* SubmitScore.m */,
			);
			path = Score;
			sourceTree = "<group>";
		};
		51F192C7152312C500CEC491 /* 0328 */ = {
			isa = PBXGroup;
			children = (
				51F192C8152312D300CEC491 /* kfc@2x.png */,
				51F192C9152312D300CEC491 /* scoreexchangebg@2x.png */,
				51F192CA152312D300CEC491 /* scoreexchangetitle@2x.png */,
				51F192CB152312D300CEC491 /* yybg@2x.png */,
				51F192CC152312D300CEC491 /* submit@2x.png */,
				51F192CD152312D300CEC491 /* wydh@2x.png */,
				51F192CE152312D300CEC491 /* jiantou@2x.png */,
				51F192CF152312D300CEC491 /* scoredemo@2x.png */,
				51F192D0152312D300CEC491 /* scoretvbg@2x.png */,
			);
			path = 0328;
			sourceTree = "<group>";
		};
		F64A4E0A151F65F1008F4489 /* Main */ = {
			isa = PBXGroup;
			children = (
				F64A4E0B151F65F1008F4489 /* 1@2x.png */,
				F64A4E0C151F65F1008F4489 /* 2@2x.png */,
				F64A4E0D151F65F1008F4489 /* 3@2x.png */,
				F64A4E0E151F65F1008F4489 /* 4@2x.png */,
				F64A4E0F151F65F1008F4489 /* 5@2x.png */,
				F64A4E10151F65F1008F4489 /* 6@2x.png */,
			);
			path = Main;
			sourceTree = "<group>";
		};
		F64DED41151E387A00FA5CE7 = {
			isa = PBXGroup;
			children = (
				F64DED67151E395D00FA5CE7 /* httpnet */,
				F64DED78151E395D00FA5CE7 /* LoadMoreDataView */,
				F64DED7B151E395D00FA5CE7 /* RefreshTableHeaderView */,
				F64DED7E151E395D00FA5CE7 /* SBJson */,
				F64DEDAE151E398700FA5CE7 /* Classes */,
				F64DED56151E387A00FA5CE7 /* Pringles */,
				F64DED4F151E387A00FA5CE7 /* Frameworks */,
				F64DED4D151E387A00FA5CE7 /* Products */,
			);
			sourceTree = "<group>";
		};
		F64DED4D151E387A00FA5CE7 /* Products */ = {
			isa = PBXGroup;
			children = (
				F64DED4C151E387A00FA5CE7 /* Pringles.app */,
			);
			name = Products;
			sourceTree = "<group>";
		};
		F64DED4F151E387A00FA5CE7 /* Frameworks */ = {
			isa = PBXGroup;
			children = (
				F64DEDC5151E3A7D00FA5CE7 /* MessageUI.framework */,
				F64DEDC3151E3A7400FA5CE7 /* libsqlite3.0.dylib */,
				F64DEDC1151E3A6300FA5CE7 /* MapKit.framework */,
				F64DEDBF151E3A5700FA5CE7 /* CoreLocation.framework */,
				F64DEDBD151E3A2500FA5CE7 /* SystemConfiguration.framework */,
				F64DEDBB151E3A1700FA5CE7 /* CFNetwork.framework */,
				F64DEDB9151E3A0300FA5CE7 /* QuartzCore.framework */,
				F64DEDB7151E39F400FA5CE7 /* libz.1.1.3.dylib */,
				F64DED50151E387A00FA5CE7 /* UIKit.framework */,
				F64DED52151E387A00FA5CE7 /* Foundation.framework */,
				F64DED54151E387A00FA5CE7 /* CoreGraphics.framework */,
			);
			name = Frameworks;
			sourceTree = "<group>";
		};
		F64DED56151E387A00FA5CE7 /* Pringles */ = {
			isa = PBXGroup;
			children = (
				F64DED5F151E387A00FA5CE7 /* AppDelegate.h */,
				F64DED60151E387A00FA5CE7 /* AppDelegate.m */,
				F64DED57151E387A00FA5CE7 /* Supporting Files */,
			);
			path = Pringles;
			sourceTree = "<group>";
		};
		F64DED57151E387A00FA5CE7 /* Supporting Files */ = {
			isa = PBXGroup;
			children = (
				F64DED77151E395D00FA5CE7 /* Images */,
				F64DED58151E387A00FA5CE7 /* Pringles-Info.plist */,
				F64DED59151E387A00FA5CE7 /* InfoPlist.strings */,
				F64DED5C151E387A00FA5CE7 /* main.m */,
				F64DED5E151E387A00FA5CE7 /* Pringles-Prefix.pch */,
			);
			name = "Supporting Files";
			sourceTree = "<group>";
		};
		F64DED67151E395D00FA5CE7 /* httpnet */ = {
			isa = PBXGroup;
			children = (
				F64DED68151E395D00FA5CE7 /* ASIAuthenticationDialog.h */,
				F64DED69151E395D00FA5CE7 /* ASIAuthenticationDialog.m */,
				F64DED6A151E395D00FA5CE7 /* ASIFormDataRequest.h */,
				F64DED6B151E395D00FA5CE7 /* ASIFormDataRequest.m */,
				F64DED6C151E395D00FA5CE7 /* ASIHTTPRequest.h */,
				F64DED6D151E395D00FA5CE7 /* ASIHTTPRequest.m */,
				F64DED6E151E395D00FA5CE7 /* ASIHTTPRequestConfig.h */,
				F64DED6F151E395D00FA5CE7 /* ASIInputStream.h */,
				F64DED70151E395D00FA5CE7 /* ASIInputStream.m */,
				F64DED71151E395D00FA5CE7 /* ASINetworkQueue.h */,
				F64DED72151E395D00FA5CE7 /* ASINetworkQueue.m */,
				F64DED73151E395D00FA5CE7 /* ASINSStringAdditions.h */,
				F64DED74151E395D00FA5CE7 /* ASINSStringAdditions.m */,
				F64DED75151E395D00FA5CE7 /* Reachability.h */,
				F64DED76151E395D00FA5CE7 /* Reachability.m */,
			);
			path = httpnet;
			sourceTree = "<group>";
		};
		F64DED77151E395D00FA5CE7 /* Images */ = {
			isa = PBXGroup;
			children = (
				519E73D015246CBB003B34C0 /* 0329 */,
				51F192C7152312C500CEC491 /* 0328 */,
				510BD23F1521C4E9008B880D /* 0327 */,
				F64A4E1B151F6F33008F4489 /* 登陆_top_logo@2x.png */,
				F64A4E17151F6B72008F4489 /* BG1@2x.jpg */,
				F64A4E18151F6B72008F4489 /* BG2@2x.jpg */,
				F64A4E0A151F65F1008F4489 /* Main */,
			);
			name = Images;
			path = ../Images;
			sourceTree = "<group>";
		};
		F64DED78151E395D00FA5CE7 /* LoadMoreDataView */ = {
			isa = PBXGroup;
			children = (
				F64DED79151E395D00FA5CE7 /* EGORefreshTableFootView.h */,
				F64DED7A151E395D00FA5CE7 /* EGORefreshTableFootView.m */,
			);
			path = LoadMoreDataView;
			sourceTree = "<group>";
		};
		F64DED7B151E395D00FA5CE7 /* RefreshTableHeaderView */ = {
			isa = PBXGroup;
			children = (
				F64DED7C151E395D00FA5CE7 /* EGORefreshTableHeaderView.h */,
				F64DED7D151E395D00FA5CE7 /* EGORefreshTableHeaderView.m */,
			);
			path = RefreshTableHeaderView;
			sourceTree = "<group>";
		};
		F64DED7E151E395D00FA5CE7 /* SBJson */ = {
			isa = PBXGroup;
			children = (
				F64DED7F151E395D00FA5CE7 /* JSON.h */,
				F64DED80151E395D00FA5CE7 /* NSObject+SBJson.h */,
				F64DED81151E395D00FA5CE7 /* NSObject+SBJson.m */,
				F64DED82151E395D00FA5CE7 /* SBJson.h */,
				F64DED83151E395D00FA5CE7 /* SBJsonParser.h */,
				F64DED84151E395D00FA5CE7 /* SBJsonParser.m */,
				F64DED85151E395D00FA5CE7 /* SBJsonStreamParser.h */,
				F64DED86151E395D00FA5CE7 /* SBJsonStreamParser.m */,
				F64DED87151E395D00FA5CE7 /* SBJsonStreamParserAccumulator.h */,
				F64DED88151E395D00FA5CE7 /* SBJsonStreamParserAccumulator.m */,
				F64DED89151E395D00FA5CE7 /* SBJsonStreamParserAdapter.h */,
				F64DED8A151E395D00FA5CE7 /* SBJsonStreamParserAdapter.m */,
				F64DED8B151E395D00FA5CE7 /* SBJsonStreamParserState.h */,
				F64DED8C151E395D00FA5CE7 /* SBJsonStreamParserState.m */,
				F64DED8D151E395D00FA5CE7 /* SBJsonStreamWriter.h */,
				F64DED8E151E395D00FA5CE7 /* SBJsonStreamWriter.m */,
				F64DED8F151E395D00FA5CE7 /* SBJsonStreamWriterAccumulator.h */,
				F64DED90151E395D00FA5CE7 /* SBJsonStreamWriterAccumulator.m */,
				F64DED91151E395D00FA5CE7 /* SBJsonStreamWriterState.h */,
				F64DED92151E395D00FA5CE7 /* SBJsonStreamWriterState.m */,
				F64DED93151E395D00FA5CE7 /* SBJsonTokeniser.h */,
				F64DED94151E395D00FA5CE7 /* SBJsonTokeniser.m */,
				F64DED95151E395D00FA5CE7 /* SBJsonUTF8Stream.h */,
				F64DED96151E395D00FA5CE7 /* SBJsonUTF8Stream.m */,
				F64DED97151E395D00FA5CE7 /* SBJsonWriter.h */,
				F64DED98151E395D00FA5CE7 /* SBJsonWriter.m */,
			);
			path = SBJson;
			sourceTree = "<group>";
		};
		F64DEDAE151E398700FA5CE7 /* Classes */ = {
			isa = PBXGroup;
			children = (
				F64DEE19151E3CDF00FA5CE7 /* FMDB */,
				F64DEDAF151E398700FA5CE7 /* Cells */,
				F64DEDB0151E398700FA5CE7 /* CustomViews */,
				F64DEDB1151E398700FA5CE7 /* DAO */,
				F64DEDB2151E398700FA5CE7 /* Entity */,
				F64DEDB3151E398700FA5CE7 /* Glboal */,
				F64DEDB5151E398700FA5CE7 /* Other */,
				F64DEDB6151E398700FA5CE7 /* SubViews */,
				F64DEDB4151E398700FA5CE7 /* Main */,
			);
			name = Classes;
			path = Pringles/Classes;
			sourceTree = "<group>";
		};
		F64DEDAF151E398700FA5CE7 /* Cells */ = {
			isa = PBXGroup;
			children = (
				519E73C015246C0F003B34C0 /* ScoreCellView.h */,
				519E73C115246C0F003B34C0 /* ScoreCellView.m */,
				519E73C215246C0F003B34C0 /* ScoreCell.h */,
				519E73C315246C0F003B34C0 /* ScoreCell.m */,
				F6E4B27815233AEC008D8FBE /* TicketCell.h */,
				F6E4B27915233AEC008D8FBE /* TicketCell.m */,
				F6E4B27A15233AEC008D8FBE /* TicketCellView.h */,
				F6E4B27B15233AEC008D8FBE /* TicketCellView.m */,
				F6BC816C151E473C0053E72E /* BaseCell.h */,
				F6BC816D151E473C0053E72E /* BaseCell.m */,
				F6BC816E151E473C0053E72E /* BaseCellView.h */,
				F6BC816F151E473C0053E72E /* BaseCellView.m */,
				F6EA06E4152204670082EF6E /* DynamicCell.h */,
				F6EA06E5152204670082EF6E /* DynamicCell.m */,
				F6EA06E7152204F60082EF6E /* DynamicCellView.h */,
				F6EA06E8152204F60082EF6E /* DynamicCellView.m */,
			);
			path = Cells;
			sourceTree = "<group>";
		};
		F64DEDB0151E398700FA5CE7 /* CustomViews */ = {
			isa = PBXGroup;
			children = (
				F64A4E06151F62F3008F4489 /* SearchBarView.h */,
				F64A4E07151F62F3008F4489 /* SearchBarView.m */,
				F6BC8130151E469D0053E72E /* AlertImageView.h */,
				F6BC8131151E469D0053E72E /* AlertImageView.m */,
				F6BC8132151E469D0053E72E /* BaseController.h */,
				F6BC8133151E469D0053E72E /* BaseController.m */,
				F6BC8134151E469D0053E72E /* BaseLayer.h */,
				F6BC8135151E469D0053E72E /* BaseLayer.m */,
				F6BC8136151E469D0053E72E /* BaseTabController.h */,
				F6BC8137151E469D0053E72E /* BaseTabController.m */,
				F6BC8138151E469D0053E72E /* BaseTabSubController.h */,
				F6BC8139151E469D0053E72E /* BaseTabSubController.m */,
				F6BC813A151E469D0053E72E /* BaseView.h */,
				F6BC813B151E469D0053E72E /* BaseView.m */,
				F6BC813C151E469D0053E72E /* ButtonView.h */,
				F6BC813D151E469D0053E72E /* ButtonView.m */,
				F6BC813E151E469D0053E72E /* CustomImageView.h */,
				F6BC813F151E469D0053E72E /* CustomImageView.m */,
				F6BC8140151E469D0053E72E /* CustomTabBar.h */,
				F6BC8141151E469D0053E72E /* CustomTabBar.m */,
				F6BC8142151E469D0053E72E /* ImageView.h */,
				F6BC8143151E469D0053E72E /* ImageView.m */,
				F6BC8144151E469D0053E72E /* LableView.h */,
				F6BC8145151E469D0053E72E /* LableView.m */,
				F6BC8146151E469D0053E72E /* LayerView.h */,
				F6BC8147151E469D0053E72E /* LayerView.m */,
				F6BC814E151E469D0053E72E /* ScrollView.h */,
				F6BC814F151E469D0053E72E /* ScrollView.m */,
				F6BC8152151E469D0053E72E /* TableView.h */,
				F6BC8153151E469D0053E72E /* TableView.m */,
			);
			path = CustomViews;
			sourceTree = "<group>";
		};
		F64DEDB1151E398700FA5CE7 /* DAO */ = {
			isa = PBXGroup;
			children = (
			);
			path = DAO;
			sourceTree = "<group>";
		};
		F64DEDB2151E398700FA5CE7 /* Entity */ = {
			isa = PBXGroup;
			children = (
				519E73C615246C3F003B34C0 /* ScoreInfo.h */,
				519E73C715246C3F003B34C0 /* ScoreInfo.m */,
				F6E4B27415233ACD008D8FBE /* TicketInfo.h */,
				F6E4B27515233ACD008D8FBE /* TicketInfo.m */,
				F6BC8169151E47040053E72E /* Webuser.h */,
				F6BC816A151E47040053E72E /* Webuser.m */,
				F6BC8166151E46D50053E72E /* UserInfo.h */,
				F6BC8167151E46D50053E72E /* UserInfo.m */,
				F64DEE23151E3D4000FA5CE7 /* JsonResult.h */,
				F64DEE24151E3D4000FA5CE7 /* JsonResult.m */,
				F64DEE13151E3C4700FA5CE7 /* BaseEntity.h */,
				F64DEE14151E3C4700FA5CE7 /* BaseEntity.m */,
				F64DEE15151E3C4700FA5CE7 /* LoginResult.h */,
				F64DEE16151E3C4700FA5CE7 /* LoginResult.m */,
				F64DEE10151E3C1400FA5CE7 /* Paging.h */,
				F64DEE11151E3C1400FA5CE7 /* Paging.m */,
				F6EA06EA152206C10082EF6E /* DynamicInfo.h */,
				F6EA06EB152206C10082EF6E /* DynamicInfo.m */,
			);
			path = Entity;
			sourceTree = "<group>";
		};
		F64DEDB3151E398700FA5CE7 /* Glboal */ = {
			isa = PBXGroup;
			children = (
				F60EDD17151E496B00A36F50 /* Global.h */,
				F60EDD18151E496B00A36F50 /* Global.m */,
				F64DEE2C151E3E4A00FA5CE7 /* UIDeviceHelp.h */,
				F64DEE2D151E3E4A00FA5CE7 /* UIDeviceHelp.m */,
				F64DEDFE151E3B8A00FA5CE7 /* Config.h */,
				F64DEDFF151E3B8A00FA5CE7 /* Config.m */,
				F64DEE00151E3B8A00FA5CE7 /* DeviceDetection.h */,
				F64DEE01151E3B8A00FA5CE7 /* DeviceDetection.m */,
				F64DEE04151E3B8A00FA5CE7 /* UIUtils.h */,
				F64DEE05151E3B8A00FA5CE7 /* UIUtils.m */,
			);
			path = Glboal;
			sourceTree = "<group>";
		};
		F64DEDB4151E398700FA5CE7 /* Main */ = {
			isa = PBXGroup;
			children = (
				F6D6B5851520CFBE004A1A3C /* CityListController.h */,
				F6D6B5861520CFBE004A1A3C /* CityListController.m */,
				F64DEE2F151E3F7500FA5CE7 /* MainPageController.h */,
				F64DEE30151E3F7500FA5CE7 /* MainPageController.m */,
			);
			path = Main;
			sourceTree = "<group>";
		};
		F64DEDB5151E398700FA5CE7 /* Other */ = {
			isa = PBXGroup;
			children = (
				F64DEE0A151E3BC900FA5CE7 /* IconDownloader.h */,
				F64DEE0B151E3BC900FA5CE7 /* IconDownloader.m */,
				F64DEE0C151E3BC900FA5CE7 /* UploadData.h */,
				F64DEE0D151E3BC900FA5CE7 /* UploadData.m */,
			);
			path = Other;
			sourceTree = "<group>";
		};
		F64DEDB6151E398700FA5CE7 /* SubViews */ = {
			isa = PBXGroup;
			children = (
				519E73E115246D9D003B34C0 /* Score */,
				F6EA06D21522025F0082EF6E /* Center */,
				F6EA06D51522025F0082EF6E /* Circle */,
				F6EA06D61522025F0082EF6E /* Dynamic */,
				F6EA06D91522025F0082EF6E /* Message */,
				F6EA06DD1522025F0082EF6E /* Volume */,
			);
			path = SubViews;
			sourceTree = "<group>";
		};
		F64DEE19151E3CDF00FA5CE7 /* FMDB */ = {
			isa = PBXGroup;
			children = (
				F64DEE1A151E3CDF00FA5CE7 /* FMDatabase.h */,
				F64DEE1B151E3CDF00FA5CE7 /* FMDatabase.m */,
				F64DEE1C151E3CDF00FA5CE7 /* FMDatabaseAdditions.h */,
				F64DEE1D151E3CDF00FA5CE7 /* FMDatabaseAdditions.m */,
				F64DEE1E151E3CDF00FA5CE7 /* FMResultSet.h */,
				F64DEE1F151E3CDF00FA5CE7 /* FMResultSet.m */,
			);
			path = FMDB;
			sourceTree = "<group>";
		};
		F6EA06D21522025F0082EF6E /* Center */ = {
			isa = PBXGroup;
			children = (
				519E73C915246C5D003B34C0 /* MyPringles.h */,
				519E73CA15246C5E003B34C0 /* MyPringles.m */,
				519E73CB15246C5E003B34C0 /* ModifyInfo.h */,
				519E73CC15246C5E003B34C0 /* ModifyInfo.m */,
			);
			path = Center;
			sourceTree = "<group>";
		};
		F6EA06D51522025F0082EF6E /* Circle */ = {
			isa = PBXGroup;
			children = (
			);
			path = Circle;
			sourceTree = "<group>";
		};
		F6EA06D61522025F0082EF6E /* Dynamic */ = {
			isa = PBXGroup;
			children = (
				F6EA06D71522025F0082EF6E /* SX_Dynamic.h */,
				F6EA06D81522025F0082EF6E /* SX_Dynamic.m */,
			);
			path = Dynamic;
			sourceTree = "<group>";
		};
		F6EA06D91522025F0082EF6E /* Message */ = {
			isa = PBXGroup;
			children = (
				F6EA06DA1522025F0082EF6E /* SX_News.h */,
				F6EA06DB1522025F0082EF6E /* SX_News.m */,
			);
			path = Message;
			sourceTree = "<group>";
		};
		F6EA06DD1522025F0082EF6E /* Volume */ = {
			isa = PBXGroup;
			children = (
				F6EA06DE1522025F0082EF6E /* SX_Ticket.h */,
				F6EA06DF1522025F0082EF6E /* SX_Ticket.m */,
				F677946D15234BE0007A02FB /* SX_Test.h */,
				F677946E15234BE0007A02FB /* SX_Test.m */,
			);
			path = Volume;
			sourceTree = "<group>";
		};
/* End PBXGroup section */

/* Begin PBXNativeTarget section */
		F64DED4B151E387A00FA5CE7 /* Pringles */ = {
			isa = PBXNativeTarget;
			buildConfigurationList = F64DED64151E387A00FA5CE7 /* Build configuration list for PBXNativeTarget "Pringles" */;
			buildPhases = (
				F64DED48151E387A00FA5CE7 /* Sources */,
				F64DED49151E387A00FA5CE7 /* Frameworks */,
				F64DED4A151E387A00FA5CE7 /* Resources */,
			);
			buildRules = (
			);
			dependencies = (
			);
			name = Pringles;
			productName = Pringles;
			productReference = F64DED4C151E387A00FA5CE7 /* Pringles.app */;
			productType = "com.apple.product-type.application";
		};
/* End PBXNativeTarget section */

/* Begin PBXProject section */
		F64DED43151E387A00FA5CE7 /* Project object */ = {
			isa = PBXProject;
			attributes = {
				LastUpgradeCheck = 0420;
			};
			buildConfigurationList = F64DED46151E387A00FA5CE7 /* Build configuration list for PBXProject "Pringles" */;
			compatibilityVersion = "Xcode 3.2";
			developmentRegion = English;
			hasScannedForEncodings = 0;
			knownRegions = (
				en,
			);
			mainGroup = F64DED41151E387A00FA5CE7;
			productRefGroup = F64DED4D151E387A00FA5CE7 /* Products */;
			projectDirPath = "";
			projectRoot = "";
			targets = (
				F64DED4B151E387A00FA5CE7 /* Pringles */,
			);
		};
/* End PBXProject section */

/* Begin PBXResourcesBuildPhase section */
		F64DED4A151E387A00FA5CE7 /* Resources */ = {
			isa = PBXResourcesBuildPhase;
			buildActionMask = 2147483647;
			files = (
				F64DED5B151E387A00FA5CE7 /* InfoPlist.strings in Resources */,
				F64A4E11151F65F1008F4489 /* 1@2x.png in Resources */,
				F64A4E12151F65F1008F4489 /* 2@2x.png in Resources */,
				F64A4E13151F65F1008F4489 /* 3@2x.png in Resources */,
				F64A4E14151F65F1008F4489 /* 4@2x.png in Resources */,
				F64A4E15151F65F1008F4489 /* 5@2x.png in Resources */,
				F64A4E16151F65F1008F4489 /* 6@2x.png in Resources */,
				F64A4E19151F6B72008F4489 /* BG1@2x.jpg in Resources */,
				F64A4E1A151F6B72008F4489 /* BG2@2x.jpg in Resources */,
				F64A4E1C151F6F33008F4489 /* 登陆_top_logo@2x.png in Resources */,
				510BD2491521C520008B880D /* w2@2x.png in Resources */,
				510BD24A1521C520008B880D /* 保存@2x.png in Resources */,
				510BD24B1521C520008B880D /* 输入框01@2x.png in Resources */,
				510BD24C1521C520008B880D /* b@2x.png in Resources */,
				510BD24D1521C520008B880D /* user@2x.jpg in Resources */,
				510BD24E1521C520008B880D /* 修改资料@2x.png in Resources */,
				510BD24F1521C520008B880D /* 同步设置1@2x.png in Resources */,
				510BD2501521C520008B880D /* 修改密码1@2x.png in Resources */,
				510BD2511521C520008B880D /* 好友管理1@2x.png in Resources */,
				51118F361521C7140002EF0E /* loding.jpg in Resources */,
				51F192D1152312D300CEC491 /* kfc@2x.png in Resources */,
				51F192D2152312D300CEC491 /* scoreexchangebg@2x.png in Resources */,
				51F192D3152312D300CEC491 /* scoreexchangetitle@2x.png in Resources */,
				51F192D4152312D300CEC491 /* yybg@2x.png in Resources */,
				51F192D5152312D300CEC491 /* submit@2x.png in Resources */,
				51F192D6152312D300CEC491 /* wydh@2x.png in Resources */,
				51F192D7152312D300CEC491 /* jiantou@2x.png in Resources */,
				51F192D8152312D300CEC491 /* scoredemo@2x.png in Resources */,
				51F192D9152312D300CEC491 /* scoretvbg@2x.png in Resources */,
				519E73D915246CC3003B34C0 /* x2@2x.png in Resources */,
				519E73DA15246CC3003B34C0 /* b@2x.png in Resources */,
				519E73DB15246CC3003B34C0 /* g@2x.png in Resources */,
				519E73DC15246CC3003B34C0 /* x1@2x.png in Resources */,
				519E73DD15246CC3003B34C0 /* editaddressbg@2x.png in Resources */,
				519E73DE15246CC3003B34C0 /* editwodeshangquan@2x.png in Resources */,
				519E73DF15246CC3003B34C0 /* editmyinfobg@2x.png in Resources */,
				519E73E015246CC3003B34C0 /* editinfobg@2x.png in Resources */,
			);
			runOnlyForDeploymentPostprocessing = 0;
		};
/* End PBXResourcesBuildPhase section */

/* Begin PBXSourcesBuildPhase section */
		F64DED48151E387A00FA5CE7 /* Sources */ = {
			isa = PBXSourcesBuildPhase;
			buildActionMask = 2147483647;
			files = (
				F64DED5D151E387A00FA5CE7 /* main.m in Sources */,
				F64DED61151E387A00FA5CE7 /* AppDelegate.m in Sources */,
				F64DED99151E395D00FA5CE7 /* ASIAuthenticationDialog.m in Sources */,
				F64DED9A151E395D00FA5CE7 /* ASIFormDataRequest.m in Sources */,
				F64DED9B151E395D00FA5CE7 /* ASIHTTPRequest.m in Sources */,
				F64DED9C151E395D00FA5CE7 /* ASIInputStream.m in Sources */,
				F64DED9D151E395D00FA5CE7 /* ASINetworkQueue.m in Sources */,
				F64DED9E151E395D00FA5CE7 /* ASINSStringAdditions.m in Sources */,
				F64DED9F151E395D00FA5CE7 /* Reachability.m in Sources */,
				F64DEDA0151E395D00FA5CE7 /* EGORefreshTableFootView.m in Sources */,
				F64DEDA1151E395D00FA5CE7 /* EGORefreshTableHeaderView.m in Sources */,
				F64DEDA2151E395D00FA5CE7 /* NSObject+SBJson.m in Sources */,
				F64DEDA3151E395D00FA5CE7 /* SBJsonParser.m in Sources */,
				F64DEDA4151E395D00FA5CE7 /* SBJsonStreamParser.m in Sources */,
				F64DEDA5151E395D00FA5CE7 /* SBJsonStreamParserAccumulator.m in Sources */,
				F64DEDA6151E395D00FA5CE7 /* SBJsonStreamParserAdapter.m in Sources */,
				F64DEDA7151E395D00FA5CE7 /* SBJsonStreamParserState.m in Sources */,
				F64DEDA8151E395D00FA5CE7 /* SBJsonStreamWriter.m in Sources */,
				F64DEDA9151E395D00FA5CE7 /* SBJsonStreamWriterAccumulator.m in Sources */,
				F64DEDAA151E395D00FA5CE7 /* SBJsonStreamWriterState.m in Sources */,
				F64DEDAB151E395D00FA5CE7 /* SBJsonTokeniser.m in Sources */,
				F64DEDAC151E395D00FA5CE7 /* SBJsonUTF8Stream.m in Sources */,
				F64DEDAD151E395D00FA5CE7 /* SBJsonWriter.m in Sources */,
				F64DEE06151E3B8A00FA5CE7 /* Config.m in Sources */,
				F64DEE07151E3B8A00FA5CE7 /* DeviceDetection.m in Sources */,
				F64DEE09151E3B8A00FA5CE7 /* UIUtils.m in Sources */,
				F64DEE0E151E3BC900FA5CE7 /* IconDownloader.m in Sources */,
				F64DEE0F151E3BC900FA5CE7 /* UploadData.m in Sources */,
				F64DEE12151E3C1400FA5CE7 /* Paging.m in Sources */,
				F64DEE17151E3C4700FA5CE7 /* BaseEntity.m in Sources */,
				F64DEE18151E3C4700FA5CE7 /* LoginResult.m in Sources */,
				F64DEE20151E3CDF00FA5CE7 /* FMDatabase.m in Sources */,
				F64DEE21151E3CDF00FA5CE7 /* FMDatabaseAdditions.m in Sources */,
				F64DEE22151E3CDF00FA5CE7 /* FMResultSet.m in Sources */,
				F64DEE25151E3D4000FA5CE7 /* JsonResult.m in Sources */,
				F64DEE2E151E3E4A00FA5CE7 /* UIDeviceHelp.m in Sources */,
				F64DEE31151E3F7500FA5CE7 /* MainPageController.m in Sources */,
				F6BC8154151E469D0053E72E /* AlertImageView.m in Sources */,
				F6BC8155151E469D0053E72E /* BaseController.m in Sources */,
				F6BC8156151E469D0053E72E /* BaseLayer.m in Sources */,
				F6BC8157151E469D0053E72E /* BaseTabController.m in Sources */,
				F6BC8158151E469D0053E72E /* BaseTabSubController.m in Sources */,
				F6BC8159151E469D0053E72E /* BaseView.m in Sources */,
				F6BC815A151E469D0053E72E /* ButtonView.m in Sources */,
				F6BC815B151E469D0053E72E /* CustomImageView.m in Sources */,
				F6BC815C151E469D0053E72E /* CustomTabBar.m in Sources */,
				F6BC815D151E469D0053E72E /* ImageView.m in Sources */,
				F6BC815E151E469D0053E72E /* LableView.m in Sources */,
				F6BC815F151E469D0053E72E /* LayerView.m in Sources */,
				F6BC8163151E469D0053E72E /* ScrollView.m in Sources */,
				F6BC8165151E469D0053E72E /* TableView.m in Sources */,
				F6BC8168151E46D50053E72E /* UserInfo.m in Sources */,
				F6BC816B151E47040053E72E /* Webuser.m in Sources */,
				F6BC8170151E473C0053E72E /* BaseCell.m in Sources */,
				F6BC8171151E473C0053E72E /* BaseCellView.m in Sources */,
				F60EDD19151E496B00A36F50 /* Global.m in Sources */,
				F64A4E08151F62F3008F4489 /* SearchBarView.m in Sources */,
				F6D6B5871520CFBE004A1A3C /* CityListController.m in Sources */,
				F6EA06E11522025F0082EF6E /* SX_Dynamic.m in Sources */,
				F6EA06E21522025F0082EF6E /* SX_News.m in Sources */,
				F6EA06E31522025F0082EF6E /* SX_Ticket.m in Sources */,
				F6EA06E6152204670082EF6E /* DynamicCell.m in Sources */,
				F6EA06E9152204F60082EF6E /* DynamicCellView.m in Sources */,
				F6EA06EC152206C10082EF6E /* DynamicInfo.m in Sources */,
				F6E4B27615233ACD008D8FBE /* TicketInfo.m in Sources */,
				F6E4B27C15233AEC008D8FBE /* TicketCell.m in Sources */,
				F6E4B27D15233AEC008D8FBE /* TicketCellView.m in Sources */,
				F677946F15234BE0007A02FB /* SX_Test.m in Sources */,
				519E73C415246C0F003B34C0 /* ScoreCellView.m in Sources */,
				519E73C515246C0F003B34C0 /* ScoreCell.m in Sources */,
				519E73C815246C3F003B34C0 /* ScoreInfo.m in Sources */,
				519E73CD15246C5E003B34C0 /* MyPringles.m in Sources */,
				519E73CE15246C5E003B34C0 /* ModifyInfo.m in Sources */,
				519E73E815246DA9003B34C0 /* MainScore.m in Sources */,
				519E73E915246DA9003B34C0 /* ScoreExchange.m in Sources */,
				519E73EA15246DA9003B34C0 /* SubmitScore.m in Sources */,
			);
			runOnlyForDeploymentPostprocessing = 0;
		};
/* End PBXSourcesBuildPhase section */

/* Begin PBXVariantGroup section */
		F64DED59151E387A00FA5CE7 /* InfoPlist.strings */ = {
			isa = PBXVariantGroup;
			children = (
				F64DED5A151E387A00FA5CE7 /* en */,
			);
			name = InfoPlist.strings;
			sourceTree = "<group>";
		};
/* End PBXVariantGroup section */

/* Begin XCBuildConfiguration section */
		F64DED62151E387A00FA5CE7 /* Debug */ = {
			isa = XCBuildConfiguration;
			buildSettings = {
				ALWAYS_SEARCH_USER_PATHS = NO;
				ARCHS = (
					armv6,
					"$(ARCHS_STANDARD_32_BIT)",
				);
				"CODE_SIGN_IDENTITY[sdk=iphoneos*]" = "iPhone Developer";
				COPY_PHASE_STRIP = NO;
				GCC_C_LANGUAGE_STANDARD = gnu99;
				GCC_DYNAMIC_NO_PIC = NO;
				GCC_OPTIMIZATION_LEVEL = 0;
				GCC_PREPROCESSOR_DEFINITIONS = (
					"DEBUG=1",
					"$(inherited)",
				);
				GCC_SYMBOLS_PRIVATE_EXTERN = NO;
				GCC_VERSION = com.apple.compilers.llvm.clang.1_0;
				GCC_WARN_ABOUT_MISSING_PROTOTYPES = YES;
				GCC_WARN_ABOUT_RETURN_TYPE = YES;
				GCC_WARN_UNUSED_VARIABLE = YES;
				IPHONEOS_DEPLOYMENT_TARGET = 3.0;
				SDKROOT = iphoneos;
			};
			name = Debug;
		};
		F64DED63151E387A00FA5CE7 /* Release */ = {
			isa = XCBuildConfiguration;
			buildSettings = {
				ALWAYS_SEARCH_USER_PATHS = NO;
				ARCHS = (
					armv6,
					"$(ARCHS_STANDARD_32_BIT)",
				);
				"CODE_SIGN_IDENTITY[sdk=iphoneos*]" = "iPhone Developer";
				COPY_PHASE_STRIP = YES;
				GCC_C_LANGUAGE_STANDARD = gnu99;
				GCC_VERSION = com.apple.compilers.llvm.clang.1_0;
				GCC_WARN_ABOUT_MISSING_PROTOTYPES = YES;
				GCC_WARN_ABOUT_RETURN_TYPE = YES;
				GCC_WARN_UNUSED_VARIABLE = YES;
				IPHONEOS_DEPLOYMENT_TARGET = 3.0;
				OTHER_CFLAGS = "-DNS_BLOCK_ASSERTIONS=1";
				SDKROOT = iphoneos;
				VALIDATE_PRODUCT = YES;
			};
			name = Release;
		};
		F64DED65151E387A00FA5CE7 /* Debug */ = {
			isa = XCBuildConfiguration;
			buildSettings = {
				GCC_PRECOMPILE_PREFIX_HEADER = YES;
				GCC_PREFIX_HEADER = "Pringles/Pringles-Prefix.pch";
				INFOPLIST_FILE = "Pringles/Pringles-Info.plist";
				PRODUCT_NAME = "$(TARGET_NAME)";
				WRAPPER_EXTENSION = app;
			};
			name = Debug;
		};
		F64DED66151E387A00FA5CE7 /* Release */ = {
			isa = XCBuildConfiguration;
			buildSettings = {
				GCC_PRECOMPILE_PREFIX_HEADER = YES;
				GCC_PREFIX_HEADER = "Pringles/Pringles-Prefix.pch";
				INFOPLIST_FILE = "Pringles/Pringles-Info.plist";
				PRODUCT_NAME = "$(TARGET_NAME)";
				WRAPPER_EXTENSION = app;
			};
			name = Release;
		};
/* End XCBuildConfiguration section */

/* Begin XCConfigurationList section */
		F64DED46151E387A00FA5CE7 /* Build configuration list for PBXProject "Pringles" */ = {
			isa = XCConfigurationList;
			buildConfigurations = (
				F64DED62151E387A00FA5CE7 /* Debug */,
				F64DED63151E387A00FA5CE7 /* Release */,
			);
			defaultConfigurationIsVisible = 0;
			defaultConfigurationName = Release;
		};
		F64DED64151E387A00FA5CE7 /* Build configuration list for PBXNativeTarget "Pringles" */ = {
			isa = XCConfigurationList;
			buildConfigurations = (
				F64DED65151E387A00FA5CE7 /* Debug */,
				F64DED66151E387A00FA5CE7 /* Release */,
			);
			defaultConfigurationIsVisible = 0;
			defaultConfigurationName = Release;
		};
/* End XCConfigurationList section */
	};
	rootObject = F64DED43151E387A00FA5CE7 /* Project object */;
}
